// !$*UTF8*$!
{
	archiveVersion = 1;
	classes = {
	};
	objectVersion = 46;
	objects = {

/* Begin PBXBuildFile section */
		770B37ED0679A11B001EADE2 /* Lamplighter_DataModel.xcdatamodel in Sources */ = {isa = PBXBuildFile; fileRef = 770B37EC0679A11B001EADE2 /* Lamplighter_DataModel.xcdatamodel */; };
		8D11072B0486CEB800E47090 /* Localizable.strings in Resources */ = {isa = PBXBuildFile; fileRef = 089C165CFE840E0CC02AAC07 /* Localizable.strings */; };
		8D11072D0486CEB800E47090 /* main.m in Sources */ = {isa = PBXBuildFile; fileRef = 29B97316FDCFA39411CA2CEA /* main.m */; settings = {ATTRIBUTES = (); }; };
		8D11072F0486CEB800E47090 /* Cocoa.framework in Frameworks */ = {isa = PBXBuildFile; fileRef = 1058C7A1FEA54F0111CA2CBB /* Cocoa.framework */; };
		D8825B72141CADC9005E96B7 /* ApplicationDelegate.m in Sources */ = {isa = PBXBuildFile; fileRef = D8825B6D141CADC9005E96B7 /* ApplicationDelegate.m */; };
		D8825B74141CADC9005E96B7 /* SongsDrawerViewController.m in Sources */ = {isa = PBXBuildFile; fileRef = D8825B71141CADC9005E96B7 /* SongsDrawerViewController.m */; };
		D8825B79141CADD3005E96B7 /* DraggableTableDataSource.m in Sources */ = {isa = PBXBuildFile; fileRef = D8825B76141CADD3005E96B7 /* DraggableTableDataSource.m */; };
		D8825B7A141CADD3005E96B7 /* SongsTableDataSource.m in Sources */ = {isa = PBXBuildFile; fileRef = D8825B78141CADD3005E96B7 /* SongsTableDataSource.m */; };
		D8825B7D141CADDF005E96B7 /* SongsDrawer.m in Sources */ = {isa = PBXBuildFile; fileRef = D8825B7C141CADDF005E96B7 /* SongsDrawer.m */; };
		D8825B86141CAE5D005E96B7 /* Application.xib in Resources */ = {isa = PBXBuildFile; fileRef = 2F7446980DB6B7EA00F9684A /* Application.xib */; };
		D8825B89141CAE84005E96B7 /* MainWindow.xib in Resources */ = {isa = PBXBuildFile; fileRef = D8A00D841416A4310034792D /* MainWindow.xib */; };
		D8825B9E141CAF2A005E96B7 /* MainWindowController.m in Sources */ = {isa = PBXBuildFile; fileRef = D8825B9D141CAF2A005E96B7 /* MainWindowController.m */; };
		D8825BC6141CB2E1005E96B7 /* SongsArrayController.m in Sources */ = {isa = PBXBuildFile; fileRef = D8825BC5141CB2E1005E96B7 /* SongsArrayController.m */; };
		D8825CA7141DDE8B005E96B7 /* NewSongWindow.xib in Resources */ = {isa = PBXBuildFile; fileRef = D8825CA6141DDE8B005E96B7 /* NewSongWindow.xib */; };
		D8825CBB141E607D005E96B7 /* NewSongWindowController.m in Sources */ = {isa = PBXBuildFile; fileRef = D8825CBA141E607D005E96B7 /* NewSongWindowController.m */; };
		D8825CFF141E6CD2005E96B7 /* SongWindowController.m in Sources */ = {isa = PBXBuildFile; fileRef = D8825CFE141E6CD2005E96B7 /* SongWindowController.m */; };
		D8825E05141E8990005E96B7 /* Presentation.m in Sources */ = {isa = PBXBuildFile; fileRef = D8825E00141E8990005E96B7 /* Presentation.m */; };
		D8825E06141E8990005E96B7 /* Slide.m in Sources */ = {isa = PBXBuildFile; fileRef = D8825E02141E8990005E96B7 /* Slide.m */; };
		D8825E07141E8990005E96B7 /* Song.m in Sources */ = {isa = PBXBuildFile; fileRef = D8825E04141E8990005E96B7 /* Song.m */; };
		D8825F45142108B1005E96B7 /* BaseArrayController.m in Sources */ = {isa = PBXBuildFile; fileRef = D8825F44142108B1005E96B7 /* BaseArrayController.m */; };
		D8825FB514252C81005E96B7 /* PlaylistTableDataSource.m in Sources */ = {isa = PBXBuildFile; fileRef = D8825FB414252C81005E96B7 /* PlaylistTableDataSource.m */; };
		D8825FF5142B122F005E96B7 /* PlaylistArrayController.m in Sources */ = {isa = PBXBuildFile; fileRef = D8825FF4142B122F005E96B7 /* PlaylistArrayController.m */; };
		D88260EE142BA370005E96B7 /* ProjectorController.m in Sources */ = {isa = PBXBuildFile; fileRef = D88260ED142BA370005E96B7 /* ProjectorController.m */; };
		D882612A142C680C005E96B7 /* ProjectorWindow.xib in Resources */ = {isa = PBXBuildFile; fileRef = D8826129142C680C005E96B7 /* ProjectorWindow.xib */; };
		D8826132142C686F005E96B7 /* ProjectorWindowController.m in Sources */ = {isa = PBXBuildFile; fileRef = D8826131142C686F005E96B7 /* ProjectorWindowController.m */; };
		D88261C0142DDAE2005E96B7 /* app_logo_on.icns in Resources */ = {isa = PBXBuildFile; fileRef = D88261BA142DDAE2005E96B7 /* app_logo_on.icns */; };
		D88261C1142DDAE2005E96B7 /* app_logo.icns in Resources */ = {isa = PBXBuildFile; fileRef = D88261BB142DDAE2005E96B7 /* app_logo.icns */; };
		D8826295142DEABE005E96B7 /* PreviewController.m in Sources */ = {isa = PBXBuildFile; fileRef = D8826294142DEABE005E96B7 /* PreviewController.m */; };
		D8A00D9B141743870034792D /* SongsDrawer.xib in Resources */ = {isa = PBXBuildFile; fileRef = D8A00D9A141743870034792D /* SongsDrawer.xib */; };
/* End PBXBuildFile section */

/* Begin PBXFileReference section */
		089C165DFE840E0CC02AAC07 /* English */ = {isa = PBXFileReference; fileEncoding = 10; lastKnownFileType = text.plist.strings; name = English; path = English.lproj/Localizable.strings; sourceTree = "<group>"; };
		1058C7A1FEA54F0111CA2CBB /* Cocoa.framework */ = {isa = PBXFileReference; lastKnownFileType = wrapper.framework; name = Cocoa.framework; path = /System/Library/Frameworks/Cocoa.framework; sourceTree = "<absolute>"; };
		29B97316FDCFA39411CA2CEA /* main.m */ = {isa = PBXFileReference; fileEncoding = 4; lastKnownFileType = sourcecode.c.objc; path = main.m; sourceTree = "<group>"; };
		29B97324FDCFA39411CA2CEA /* AppKit.framework */ = {isa = PBXFileReference; lastKnownFileType = wrapper.framework; name = AppKit.framework; path = /System/Library/Frameworks/AppKit.framework; sourceTree = "<absolute>"; };
		29B97325FDCFA39411CA2CEA /* Foundation.framework */ = {isa = PBXFileReference; lastKnownFileType = wrapper.framework; name = Foundation.framework; path = /System/Library/Frameworks/Foundation.framework; sourceTree = "<absolute>"; };
		2F7446980DB6B7EA00F9684A /* Application.xib */ = {isa = PBXFileReference; lastKnownFileType = file.xib; path = Application.xib; sourceTree = "<group>"; };
		32CA4F630368D1EE00C91783 /* Lamplighter_Prefix.pch */ = {isa = PBXFileReference; fileEncoding = 4; lastKnownFileType = sourcecode.c.h; path = Lamplighter_Prefix.pch; sourceTree = "<group>"; };
		770B37EC0679A11B001EADE2 /* Lamplighter_DataModel.xcdatamodel */ = {isa = PBXFileReference; fileEncoding = 4; lastKnownFileType = wrapper.xcdatamodel; path = Lamplighter_DataModel.xcdatamodel; sourceTree = "<group>"; };
		77C82804067257F0000B614F /* CoreData.framework */ = {isa = PBXFileReference; lastKnownFileType = wrapper.framework; name = CoreData.framework; path = /System/Library/Frameworks/CoreData.framework; sourceTree = "<absolute>"; };
		8D1107310486CEB800E47090 /* Lamplighter-Info.plist */ = {isa = PBXFileReference; explicitFileType = text.plist.xml; fileEncoding = 4; path = "Lamplighter-Info.plist"; sourceTree = "<group>"; };
		8D1107320486CEB800E47090 /* Lamplighter.app */ = {isa = PBXFileReference; explicitFileType = wrapper.application; includeInIndex = 0; path = Lamplighter.app; sourceTree = BUILT_PRODUCTS_DIR; };
		D8825B6C141CADC9005E96B7 /* ApplicationDelegate.h */ = {isa = PBXFileReference; fileEncoding = 4; lastKnownFileType = sourcecode.c.h; name = ApplicationDelegate.h; path = Classes/ApplicationDelegate.h; sourceTree = "<group>"; };
		D8825B6D141CADC9005E96B7 /* ApplicationDelegate.m */ = {isa = PBXFileReference; fileEncoding = 4; lastKnownFileType = sourcecode.c.objc; name = ApplicationDelegate.m; path = Classes/ApplicationDelegate.m; sourceTree = "<group>"; };
		D8825B6E141CADC9005E96B7 /* MainWindowController.h */ = {isa = PBXFileReference; fileEncoding = 4; lastKnownFileType = sourcecode.c.h; name = MainWindowController.h; path = Classes/MainWindowController.h; sourceTree = "<group>"; };
		D8825B70141CADC9005E96B7 /* SongsDrawerViewController.h */ = {isa = PBXFileReference; fileEncoding = 4; lastKnownFileType = sourcecode.c.h; name = SongsDrawerViewController.h; path = Classes/SongsDrawerViewController.h; sourceTree = "<group>"; };
		D8825B71141CADC9005E96B7 /* SongsDrawerViewController.m */ = {isa = PBXFileReference; fileEncoding = 4; lastKnownFileType = sourcecode.c.objc; name = SongsDrawerViewController.m; path = Classes/SongsDrawerViewController.m; sourceTree = "<group>"; };
		D8825B75141CADD3005E96B7 /* DraggableTableDataSource.h */ = {isa = PBXFileReference; fileEncoding = 4; lastKnownFileType = sourcecode.c.h; name = DraggableTableDataSource.h; path = Classes/DraggableTableDataSource.h; sourceTree = "<group>"; };
		D8825B76141CADD3005E96B7 /* DraggableTableDataSource.m */ = {isa = PBXFileReference; fileEncoding = 4; lastKnownFileType = sourcecode.c.objc; name = DraggableTableDataSource.m; path = Classes/DraggableTableDataSource.m; sourceTree = "<group>"; };
		D8825B77141CADD3005E96B7 /* SongsTableDataSource.h */ = {isa = PBXFileReference; fileEncoding = 4; lastKnownFileType = sourcecode.c.h; name = SongsTableDataSource.h; path = Classes/SongsTableDataSource.h; sourceTree = "<group>"; };
		D8825B78141CADD3005E96B7 /* SongsTableDataSource.m */ = {isa = PBXFileReference; fileEncoding = 4; lastKnownFileType = sourcecode.c.objc; name = SongsTableDataSource.m; path = Classes/SongsTableDataSource.m; sourceTree = "<group>"; };
		D8825B7B141CADDF005E96B7 /* SongsDrawer.h */ = {isa = PBXFileReference; fileEncoding = 4; lastKnownFileType = sourcecode.c.h; name = SongsDrawer.h; path = Classes/SongsDrawer.h; sourceTree = "<group>"; };
		D8825B7C141CADDF005E96B7 /* SongsDrawer.m */ = {isa = PBXFileReference; fileEncoding = 4; lastKnownFileType = sourcecode.c.objc; name = SongsDrawer.m; path = Classes/SongsDrawer.m; sourceTree = "<group>"; };
		D8825B9D141CAF2A005E96B7 /* MainWindowController.m */ = {isa = PBXFileReference; fileEncoding = 4; lastKnownFileType = sourcecode.c.objc; name = MainWindowController.m; path = Classes/MainWindowController.m; sourceTree = "<group>"; };
		D8825BC4141CB2E1005E96B7 /* SongsArrayController.h */ = {isa = PBXFileReference; fileEncoding = 4; lastKnownFileType = sourcecode.c.h; name = SongsArrayController.h; path = Classes/SongsArrayController.h; sourceTree = "<group>"; };
		D8825BC5141CB2E1005E96B7 /* SongsArrayController.m */ = {isa = PBXFileReference; fileEncoding = 4; lastKnownFileType = sourcecode.c.objc; name = SongsArrayController.m; path = Classes/SongsArrayController.m; sourceTree = "<group>"; };
		D8825CA6141DDE8B005E96B7 /* NewSongWindow.xib */ = {isa = PBXFileReference; lastKnownFileType = file.xib; path = NewSongWindow.xib; sourceTree = "<group>"; };
		D8825CB9141E607D005E96B7 /* NewSongWindowController.h */ = {isa = PBXFileReference; fileEncoding = 4; lastKnownFileType = sourcecode.c.h; name = NewSongWindowController.h; path = Classes/NewSongWindowController.h; sourceTree = "<group>"; };
		D8825CBA141E607D005E96B7 /* NewSongWindowController.m */ = {isa = PBXFileReference; fileEncoding = 4; lastKnownFileType = sourcecode.c.objc; name = NewSongWindowController.m; path = Classes/NewSongWindowController.m; sourceTree = "<group>"; };
		D8825CFD141E6CD2005E96B7 /* SongWindowController.h */ = {isa = PBXFileReference; fileEncoding = 4; lastKnownFileType = sourcecode.c.h; name = SongWindowController.h; path = Classes/SongWindowController.h; sourceTree = "<group>"; };
		D8825CFE141E6CD2005E96B7 /* SongWindowController.m */ = {isa = PBXFileReference; fileEncoding = 4; lastKnownFileType = sourcecode.c.objc; name = SongWindowController.m; path = Classes/SongWindowController.m; sourceTree = "<group>"; };
		D8825DFF141E8990005E96B7 /* Presentation.h */ = {isa = PBXFileReference; fileEncoding = 4; lastKnownFileType = sourcecode.c.h; name = Presentation.h; path = Classes/Presentation.h; sourceTree = "<group>"; };
		D8825E00141E8990005E96B7 /* Presentation.m */ = {isa = PBXFileReference; fileEncoding = 4; lastKnownFileType = sourcecode.c.objc; name = Presentation.m; path = Classes/Presentation.m; sourceTree = "<group>"; };
		D8825E01141E8990005E96B7 /* Slide.h */ = {isa = PBXFileReference; fileEncoding = 4; lastKnownFileType = sourcecode.c.h; name = Slide.h; path = Classes/Slide.h; sourceTree = "<group>"; };
		D8825E02141E8990005E96B7 /* Slide.m */ = {isa = PBXFileReference; fileEncoding = 4; lastKnownFileType = sourcecode.c.objc; name = Slide.m; path = Classes/Slide.m; sourceTree = "<group>"; };
		D8825E03141E8990005E96B7 /* Song.h */ = {isa = PBXFileReference; fileEncoding = 4; lastKnownFileType = sourcecode.c.h; name = Song.h; path = Classes/Song.h; sourceTree = "<group>"; };
		D8825E04141E8990005E96B7 /* Song.m */ = {isa = PBXFileReference; fileEncoding = 4; lastKnownFileType = sourcecode.c.objc; name = Song.m; path = Classes/Song.m; sourceTree = "<group>"; };
		D8825F43142108B1005E96B7 /* BaseArrayController.h */ = {isa = PBXFileReference; fileEncoding = 4; lastKnownFileType = sourcecode.c.h; name = BaseArrayController.h; path = Classes/BaseArrayController.h; sourceTree = "<group>"; };
		D8825F44142108B1005E96B7 /* BaseArrayController.m */ = {isa = PBXFileReference; fileEncoding = 4; lastKnownFileType = sourcecode.c.objc; name = BaseArrayController.m; path = Classes/BaseArrayController.m; sourceTree = "<group>"; };
		D8825FB314252C81005E96B7 /* PlaylistTableDataSource.h */ = {isa = PBXFileReference; fileEncoding = 4; lastKnownFileType = sourcecode.c.h; name = PlaylistTableDataSource.h; path = Classes/PlaylistTableDataSource.h; sourceTree = "<group>"; };
		D8825FB414252C81005E96B7 /* PlaylistTableDataSource.m */ = {isa = PBXFileReference; fileEncoding = 4; lastKnownFileType = sourcecode.c.objc; name = PlaylistTableDataSource.m; path = Classes/PlaylistTableDataSource.m; sourceTree = "<group>"; };
		D8825FF3142B122F005E96B7 /* PlaylistArrayController.h */ = {isa = PBXFileReference; fileEncoding = 4; lastKnownFileType = sourcecode.c.h; name = PlaylistArrayController.h; path = Classes/PlaylistArrayController.h; sourceTree = "<group>"; };
		D8825FF4142B122F005E96B7 /* PlaylistArrayController.m */ = {isa = PBXFileReference; fileEncoding = 4; lastKnownFileType = sourcecode.c.objc; name = PlaylistArrayController.m; path = Classes/PlaylistArrayController.m; sourceTree = "<group>"; };
		D88260EC142BA370005E96B7 /* ProjectorController.h */ = {isa = PBXFileReference; fileEncoding = 4; lastKnownFileType = sourcecode.c.h; name = ProjectorController.h; path = Classes/ProjectorController.h; sourceTree = "<group>"; };
		D88260ED142BA370005E96B7 /* ProjectorController.m */ = {isa = PBXFileReference; fileEncoding = 4; lastKnownFileType = sourcecode.c.objc; name = ProjectorController.m; path = Classes/ProjectorController.m; sourceTree = "<group>"; };
		D8826129142C680C005E96B7 /* ProjectorWindow.xib */ = {isa = PBXFileReference; lastKnownFileType = file.xib; path = ProjectorWindow.xib; sourceTree = "<group>"; };
		D8826130142C686F005E96B7 /* ProjectorWindowController.h */ = {isa = PBXFileReference; fileEncoding = 4; lastKnownFileType = sourcecode.c.h; name = ProjectorWindowController.h; path = Classes/ProjectorWindowController.h; sourceTree = "<group>"; };
		D8826131142C686F005E96B7 /* ProjectorWindowController.m */ = {isa = PBXFileReference; fileEncoding = 4; lastKnownFileType = sourcecode.c.objc; name = ProjectorWindowController.m; path = Classes/ProjectorWindowController.m; sourceTree = "<group>"; };
		D88261BA142DDAE2005E96B7 /* app_logo_on.icns */ = {isa = PBXFileReference; lastKnownFileType = image.icns; name = app_logo_on.icns; path = Images/app_logo_on.icns; sourceTree = "<group>"; };
		D88261BB142DDAE2005E96B7 /* app_logo.icns */ = {isa = PBXFileReference; lastKnownFileType = image.icns; name = app_logo.icns; path = Images/app_logo.icns; sourceTree = "<group>"; };
		D8826293142DEABE005E96B7 /* PreviewController.h */ = {isa = PBXFileReference; fileEncoding = 4; lastKnownFileType = sourcecode.c.h; name = PreviewController.h; path = Classes/PreviewController.h; sourceTree = "<group>"; };
		D8826294142DEABE005E96B7 /* PreviewController.m */ = {isa = PBXFileReference; fileEncoding = 4; lastKnownFileType = sourcecode.c.objc; name = PreviewController.m; path = Classes/PreviewController.m; sourceTree = "<group>"; };
		D8A00D841416A4310034792D /* MainWindow.xib */ = {isa = PBXFileReference; lastKnownFileType = file.xib; path = MainWindow.xib; sourceTree = "<group>"; };
		D8A00D9A141743870034792D /* SongsDrawer.xib */ = {isa = PBXFileReference; lastKnownFileType = file.xib; path = SongsDrawer.xib; sourceTree = "<group>"; };
/* End PBXFileReference section */

/* Begin PBXFrameworksBuildPhase section */
		8D11072E0486CEB800E47090 /* Frameworks */ = {
			isa = PBXFrameworksBuildPhase;
			buildActionMask = 2147483647;
			files = (
				8D11072F0486CEB800E47090 /* Cocoa.framework in Frameworks */,
			);
			runOnlyForDeploymentPostprocessing = 0;
		};
/* End PBXFrameworksBuildPhase section */

/* Begin PBXGroup section */
		080E96DDFE201D6D7F000001 /* Controllers */ = {
			isa = PBXGroup;
			children = (
				D8825CBC141E60A1005E96B7 /* Application */,
				D8825CBD141E60AD005E96B7 /* MainWindow */,
				D882612C142C682D005E96B7 /* Projector */,
				D8825CBE141E60BB005E96B7 /* Peripherals */,
			);
			name = Controllers;
			sourceTree = "<group>";
		};
		1058C7A0FEA54F0111CA2CBB /* Linked Frameworks */ = {
			isa = PBXGroup;
			children = (
				1058C7A1FEA54F0111CA2CBB /* Cocoa.framework */,
			);
			name = "Linked Frameworks";
			sourceTree = "<group>";
		};
		1058C7A2FEA54F0111CA2CBB /* Other Frameworks */ = {
			isa = PBXGroup;
			children = (
				77C82804067257F0000B614F /* CoreData.framework */,
				29B97325FDCFA39411CA2CEA /* Foundation.framework */,
				29B97324FDCFA39411CA2CEA /* AppKit.framework */,
			);
			name = "Other Frameworks";
			sourceTree = "<group>";
		};
		19C28FACFE9D520D11CA2CBB /* Products */ = {
			isa = PBXGroup;
			children = (
				8D1107320486CEB800E47090 /* Lamplighter.app */,
			);
			name = Products;
			sourceTree = "<group>";
		};
		29B97314FDCFA39411CA2CEA /* Lamplighter */ = {
			isa = PBXGroup;
			children = (
				D8A00D231416A0E20034792D /* Application */,
				D8A00D411416A1440034792D /* Config */,
				D8A00D441416A16F0034792D /* Locales */,
				D88261B6142DDAD7005E96B7 /* Images */,
				29B97323FDCFA39411CA2CEA /* Frameworks */,
				19C28FACFE9D520D11CA2CBB /* Products */,
			);
			name = Lamplighter;
			sourceTree = "<group>";
		};
		29B97323FDCFA39411CA2CEA /* Frameworks */ = {
			isa = PBXGroup;
			children = (
				1058C7A0FEA54F0111CA2CBB /* Linked Frameworks */,
				1058C7A2FEA54F0111CA2CBB /* Other Frameworks */,
			);
			name = Frameworks;
			sourceTree = "<group>";
		};
		7756732906782D8800D1FEB8 /* Models */ = {
			isa = PBXGroup;
			children = (
				D8825DFB141E8960005E96B7 /* Entities */,
				D8825BC0141CB2B6005E96B7 /* ArrayControllers */,
				D8825B5E141CAD21005E96B7 /* DataSources */,
				770B37EC0679A11B001EADE2 /* Lamplighter_DataModel.xcdatamodel */,
			);
			name = Models;
			sourceTree = "<group>";
		};
		D8825B5E141CAD21005E96B7 /* DataSources */ = {
			isa = PBXGroup;
			children = (
				D8825B75141CADD3005E96B7 /* DraggableTableDataSource.h */,
				D8825B76141CADD3005E96B7 /* DraggableTableDataSource.m */,
				D8825B77141CADD3005E96B7 /* SongsTableDataSource.h */,
				D8825B78141CADD3005E96B7 /* SongsTableDataSource.m */,
				D8825FB314252C81005E96B7 /* PlaylistTableDataSource.h */,
				D8825FB414252C81005E96B7 /* PlaylistTableDataSource.m */,
			);
			name = DataSources;
			sourceTree = "<group>";
		};
		D8825B80141CAE14005E96B7 /* Application */ = {
			isa = PBXGroup;
			children = (
				2F7446980DB6B7EA00F9684A /* Application.xib */,
			);
			name = Application;
			sourceTree = "<group>";
		};
		D8825BC0141CB2B6005E96B7 /* ArrayControllers */ = {
			isa = PBXGroup;
			children = (
				D8825F43142108B1005E96B7 /* BaseArrayController.h */,
				D8825F44142108B1005E96B7 /* BaseArrayController.m */,
				D8825BC4141CB2E1005E96B7 /* SongsArrayController.h */,
				D8825BC5141CB2E1005E96B7 /* SongsArrayController.m */,
				D8825FF3142B122F005E96B7 /* PlaylistArrayController.h */,
				D8825FF4142B122F005E96B7 /* PlaylistArrayController.m */,
			);
			name = ArrayControllers;
			sourceTree = "<group>";
		};
		D8825CA3141DDE5B005E96B7 /* Peripherals */ = {
			isa = PBXGroup;
			children = (
				D8825CA6141DDE8B005E96B7 /* NewSongWindow.xib */,
			);
			name = Peripherals;
			sourceTree = "<group>";
		};
		D8825CBC141E60A1005E96B7 /* Application */ = {
			isa = PBXGroup;
			children = (
				D8825B6C141CADC9005E96B7 /* ApplicationDelegate.h */,
				D8825B6D141CADC9005E96B7 /* ApplicationDelegate.m */,
			);
			name = Application;
			sourceTree = "<group>";
		};
		D8825CBD141E60AD005E96B7 /* MainWindow */ = {
			isa = PBXGroup;
			children = (
				D8825B6E141CADC9005E96B7 /* MainWindowController.h */,
				D8825B9D141CAF2A005E96B7 /* MainWindowController.m */,
				D8825B70141CADC9005E96B7 /* SongsDrawerViewController.h */,
				D8825B71141CADC9005E96B7 /* SongsDrawerViewController.m */,
				D8826293142DEABE005E96B7 /* PreviewController.h */,
				D8826294142DEABE005E96B7 /* PreviewController.m */,
			);
			name = MainWindow;
			sourceTree = "<group>";
		};
		D8825CBE141E60BB005E96B7 /* Peripherals */ = {
			isa = PBXGroup;
			children = (
				D8825CFD141E6CD2005E96B7 /* SongWindowController.h */,
				D8825CFE141E6CD2005E96B7 /* SongWindowController.m */,
				D8825CB9141E607D005E96B7 /* NewSongWindowController.h */,
				D8825CBA141E607D005E96B7 /* NewSongWindowController.m */,
			);
			name = Peripherals;
			sourceTree = "<group>";
		};
		D8825DFB141E8960005E96B7 /* Entities */ = {
			isa = PBXGroup;
			children = (
				D8825DFF141E8990005E96B7 /* Presentation.h */,
				D8825E00141E8990005E96B7 /* Presentation.m */,
				D8825E01141E8990005E96B7 /* Slide.h */,
				D8825E02141E8990005E96B7 /* Slide.m */,
				D8825E03141E8990005E96B7 /* Song.h */,
				D8825E04141E8990005E96B7 /* Song.m */,
			);
			name = Entities;
			sourceTree = "<group>";
		};
		D8826128142C67C2005E96B7 /* Projector */ = {
			isa = PBXGroup;
			children = (
				D8826129142C680C005E96B7 /* ProjectorWindow.xib */,
			);
			name = Projector;
			sourceTree = "<group>";
		};
		D882612C142C682D005E96B7 /* Projector */ = {
			isa = PBXGroup;
			children = (
				D88260EC142BA370005E96B7 /* ProjectorController.h */,
				D88260ED142BA370005E96B7 /* ProjectorController.m */,
				D8826130142C686F005E96B7 /* ProjectorWindowController.h */,
				D8826131142C686F005E96B7 /* ProjectorWindowController.m */,
			);
			name = Projector;
			sourceTree = "<group>";
		};
		D88261B6142DDAD7005E96B7 /* Images */ = {
			isa = PBXGroup;
			children = (
				D88261BA142DDAE2005E96B7 /* app_logo_on.icns */,
				D88261BB142DDAE2005E96B7 /* app_logo.icns */,
			);
			name = Images;
			sourceTree = "<group>";
		};
		D8A00D231416A0E20034792D /* Application */ = {
			isa = PBXGroup;
			children = (
				080E96DDFE201D6D7F000001 /* Controllers */,
				7756732906782D8800D1FEB8 /* Models */,
				D8A00D421416A1510034792D /* Views */,
			);
			name = Application;
			sourceTree = "<group>";
		};
		D8A00D411416A1440034792D /* Config */ = {
			isa = PBXGroup;
			children = (
				8D1107310486CEB800E47090 /* Lamplighter-Info.plist */,
				32CA4F630368D1EE00C91783 /* Lamplighter_Prefix.pch */,
				29B97316FDCFA39411CA2CEA /* main.m */,
			);
			name = Config;
			sourceTree = "<group>";
		};
		D8A00D421416A1510034792D /* Views */ = {
			isa = PBXGroup;
			children = (
				D8825B80141CAE14005E96B7 /* Application */,
				D8A00D431416A1570034792D /* MainWindow */,
				D8826128142C67C2005E96B7 /* Projector */,
				D8825CA3141DDE5B005E96B7 /* Peripherals */,
			);
			name = Views;
			sourceTree = "<group>";
		};
		D8A00D431416A1570034792D /* MainWindow */ = {
			isa = PBXGroup;
			children = (
				D8A00D841416A4310034792D /* MainWindow.xib */,
				D8A00D9A141743870034792D /* SongsDrawer.xib */,
				D8825B7B141CADDF005E96B7 /* SongsDrawer.h */,
				D8825B7C141CADDF005E96B7 /* SongsDrawer.m */,
			);
			name = MainWindow;
			sourceTree = "<group>";
		};
		D8A00D441416A16F0034792D /* Locales */ = {
			isa = PBXGroup;
			children = (
				089C165CFE840E0CC02AAC07 /* Localizable.strings */,
			);
			name = Locales;
			sourceTree = "<group>";
		};
/* End PBXGroup section */

/* Begin PBXNativeTarget section */
		8D1107260486CEB800E47090 /* Lamplighter */ = {
			isa = PBXNativeTarget;
			buildConfigurationList = 26FC0A840875C7B200E6366F /* Build configuration list for PBXNativeTarget "Lamplighter" */;
			buildPhases = (
				8D1107290486CEB800E47090 /* Resources */,
				8D11072C0486CEB800E47090 /* Sources */,
				8D11072E0486CEB800E47090 /* Frameworks */,
			);
			buildRules = (
			);
			dependencies = (
			);
			name = Lamplighter;
			productInstallPath = "$(HOME)/Applications";
			productName = Lamplighter;
			productReference = 8D1107320486CEB800E47090 /* Lamplighter.app */;
			productType = "com.apple.product-type.application";
		};
/* End PBXNativeTarget section */

/* Begin PBXProject section */
		29B97313FDCFA39411CA2CEA /* Project object */ = {
			isa = PBXProject;
			attributes = {
				ORGANIZATIONNAME = funkensturm;
			};
			buildConfigurationList = 26FC0A880875C7B200E6366F /* Build configuration list for PBXProject "Lamplighter" */;
			compatibilityVersion = "Xcode 3.2";
			developmentRegion = English;
			hasScannedForEncodings = 1;
			knownRegions = (
				English,
				Japanese,
				French,
				German,
			);
			mainGroup = 29B97314FDCFA39411CA2CEA /* Lamplighter */;
			projectDirPath = "";
			projectRoot = "";
			targets = (
				8D1107260486CEB800E47090 /* Lamplighter */,
			);
		};
/* End PBXProject section */

/* Begin PBXResourcesBuildPhase section */
		8D1107290486CEB800E47090 /* Resources */ = {
			isa = PBXResourcesBuildPhase;
			buildActionMask = 2147483647;
			files = (
				8D11072B0486CEB800E47090 /* Localizable.strings in Resources */,
				D8825B86141CAE5D005E96B7 /* Application.xib in Resources */,
				D8825B89141CAE84005E96B7 /* MainWindow.xib in Resources */,
				D8A00D9B141743870034792D /* SongsDrawer.xib in Resources */,
				D8825CA7141DDE8B005E96B7 /* NewSongWindow.xib in Resources */,
				D882612A142C680C005E96B7 /* ProjectorWindow.xib in Resources */,
				D88261C0142DDAE2005E96B7 /* app_logo_on.icns in Resources */,
				D88261C1142DDAE2005E96B7 /* app_logo.icns in Resources */,
			);
			runOnlyForDeploymentPostprocessing = 0;
		};
/* End PBXResourcesBuildPhase section */

/* Begin PBXSourcesBuildPhase section */
		8D11072C0486CEB800E47090 /* Sources */ = {
			isa = PBXSourcesBuildPhase;
			buildActionMask = 2147483647;
			files = (
				8D11072D0486CEB800E47090 /* main.m in Sources */,
				770B37ED0679A11B001EADE2 /* Lamplighter_DataModel.xcdatamodel in Sources */,
				D8825B72141CADC9005E96B7 /* ApplicationDelegate.m in Sources */,
				D8825B74141CADC9005E96B7 /* SongsDrawerViewController.m in Sources */,
				D8825B79141CADD3005E96B7 /* DraggableTableDataSource.m in Sources */,
				D8825B7A141CADD3005E96B7 /* SongsTableDataSource.m in Sources */,
				D8825B7D141CADDF005E96B7 /* SongsDrawer.m in Sources */,
				D8825B9E141CAF2A005E96B7 /* MainWindowController.m in Sources */,
				D8825BC6141CB2E1005E96B7 /* SongsArrayController.m in Sources */,
				D8825CBB141E607D005E96B7 /* NewSongWindowController.m in Sources */,
				D8825CFF141E6CD2005E96B7 /* SongWindowController.m in Sources */,
				D8825E05141E8990005E96B7 /* Presentation.m in Sources */,
				D8825E06141E8990005E96B7 /* Slide.m in Sources */,
				D8825E07141E8990005E96B7 /* Song.m in Sources */,
				D8825F45142108B1005E96B7 /* BaseArrayController.m in Sources */,
				D8825FB514252C81005E96B7 /* PlaylistTableDataSource.m in Sources */,
				D8825FF5142B122F005E96B7 /* PlaylistArrayController.m in Sources */,
				D88260EE142BA370005E96B7 /* ProjectorController.m in Sources */,
				D8826132142C686F005E96B7 /* ProjectorWindowController.m in Sources */,
				D8826295142DEABE005E96B7 /* PreviewController.m in Sources */,
			);
			runOnlyForDeploymentPostprocessing = 0;
		};
/* End PBXSourcesBuildPhase section */

/* Begin PBXVariantGroup section */
		089C165CFE840E0CC02AAC07 /* Localizable.strings */ = {
			isa = PBXVariantGroup;
			children = (
				089C165DFE840E0CC02AAC07 /* English */,
			);
			name = Localizable.strings;
			sourceTree = "<group>";
		};
/* End PBXVariantGroup section */

/* Begin XCBuildConfiguration section */
		26FC0A850875C7B200E6366F /* Debug */ = {
			isa = XCBuildConfiguration;
			buildSettings = {
				ARCHS = "$(ARCHS_STANDARD_32_64_BIT)";
				COPY_PHASE_STRIP = NO;
				GCC_DYNAMIC_NO_PIC = NO;
				GCC_ENABLE_FIX_AND_CONTINUE = YES;
				GCC_ENABLE_OBJC_EXCEPTIONS = YES;
				GCC_MODEL_TUNING = G5;
				GCC_OPTIMIZATION_LEVEL = 0;
				GCC_PRECOMPILE_PREFIX_HEADER = YES;
				GCC_PREFIX_HEADER = Lamplighter_Prefix.pch;
				INFOPLIST_FILE = "Lamplighter-Info.plist";
				INSTALL_PATH = "$(HOME)/Applications";
				PRODUCT_NAME = Lamplighter;
				WRAPPER_EXTENSION = app;
			};
			name = Debug;
		};
		26FC0A860875C7B200E6366F /* Release */ = {
			isa = XCBuildConfiguration;
			buildSettings = {
				DEBUG_INFORMATION_FORMAT = "dwarf-with-dsym";
				GCC_ENABLE_OBJC_EXCEPTIONS = YES;
				GCC_MODEL_TUNING = G5;
				GCC_PRECOMPILE_PREFIX_HEADER = YES;
				GCC_PREFIX_HEADER = Lamplighter_Prefix.pch;
				INFOPLIST_FILE = "Lamplighter-Info.plist";
				INSTALL_PATH = "$(HOME)/Applications";
				PRODUCT_NAME = Lamplighter;
				WRAPPER_EXTENSION = app;
			};
			name = Release;
		};
		26FC0A890875C7B200E6366F /* Debug */ = {
			isa = XCBuildConfiguration;
			buildSettings = {
				ARCHS = "$(ARCHS_STANDARD_32_64_BIT)";
				GCC_C_LANGUAGE_STANDARD = gnu99;
				GCC_PREPROCESSOR_DEFINITIONS = "";
				GCC_PREPROCESSOR_DEFINITIONS_NOT_USED_IN_PRECOMPS = "VERBOSE=NO";
				GCC_WARN_ABOUT_RETURN_TYPE = YES;
				GCC_WARN_UNUSED_VARIABLE = YES;
				ONLY_ACTIVE_ARCH = YES;
				PREBINDING = NO;
				SDKROOT = macosx10.6;
			};
			name = Debug;
		};
		26FC0A8A0875C7B200E6366F /* Release */ = {
			isa = XCBuildConfiguration;
			buildSettings = {
				ARCHS = "$(ARCHS_STANDARD_32_64_BIT)";
				GCC_C_LANGUAGE_STANDARD = gnu99;
				GCC_WARN_ABOUT_RETURN_TYPE = YES;
				GCC_WARN_UNUSED_VARIABLE = YES;
				PREBINDING = NO;
				SDKROOT = macosx10.6;
			};
			name = Release;
		};
		D8A00DAF141744670034792D /* Verbose */ = {
			isa = XCBuildConfiguration;
			buildSettings = {
				ARCHS = "$(ARCHS_STANDARD_32_64_BIT)";
				GCC_C_LANGUAGE_STANDARD = gnu99;
				GCC_PREPROCESSOR_DEFINITIONS_NOT_USED_IN_PRECOMPS = "VERBOSE=YES";
				GCC_WARN_ABOUT_RETURN_TYPE = YES;
				GCC_WARN_UNUSED_VARIABLE = YES;
				ONLY_ACTIVE_ARCH = YES;
				PREBINDING = NO;
				SDKROOT = macosx10.6;
			};
			name = Verbose;
		};
		D8A00DB0141744670034792D /* Verbose */ = {
			isa = XCBuildConfiguration;
			buildSettings = {
				ARCHS = "$(ARCHS_STANDARD_32_64_BIT)";
				COPY_PHASE_STRIP = NO;
				GCC_DYNAMIC_NO_PIC = NO;
				GCC_ENABLE_FIX_AND_CONTINUE = YES;
				GCC_ENABLE_OBJC_EXCEPTIONS = YES;
				GCC_MODEL_TUNING = G5;
				GCC_OPTIMIZATION_LEVEL = 0;
				GCC_PRECOMPILE_PREFIX_HEADER = YES;
				GCC_PREFIX_HEADER = Lamplighter_Prefix.pch;
				INFOPLIST_FILE = "Lamplighter-Info.plist";
				INSTALL_PATH = "$(HOME)/Applications";
				PRODUCT_NAME = Lamplighter;
				WRAPPER_EXTENSION = app;
			};
			name = Verbose;
		};
/* End XCBuildConfiguration section */

/* Begin XCConfigurationList section */
		26FC0A840875C7B200E6366F /* Build configuration list for PBXNativeTarget "Lamplighter" */ = {
			isa = XCConfigurationList;
			buildConfigurations = (
				D8A00DB0141744670034792D /* Verbose */,
				26FC0A850875C7B200E6366F /* Debug */,
				26FC0A860875C7B200E6366F /* Release */,
			);
			defaultConfigurationIsVisible = 0;
			defaultConfigurationName = Release;
		};
		26FC0A880875C7B200E6366F /* Build configuration list for PBXProject "Lamplighter" */ = {
			isa = XCConfigurationList;
			buildConfigurations = (
				D8A00DAF141744670034792D /* Verbose */,
				26FC0A890875C7B200E6366F /* Debug */,
				26FC0A8A0875C7B200E6366F /* Release */,
			);
			defaultConfigurationIsVisible = 0;
			defaultConfigurationName = Release;
		};
/* End XCConfigurationList section */
	};
	rootObject = 29B97313FDCFA39411CA2CEA /* Project object */;
}
