// !$*UTF8*$!
{
	archiveVersion = 1;
	classes = {
	};
	objectVersion = 46;
	objects = {

/* Begin PBXBuildFile section */
		770B37ED0679A11B001EADE2 /* Lamplighter_DataModel.xcdatamodel in Sources */ = {isa = PBXBuildFile; fileRef = 770B37EC0679A11B001EADE2 /* Lamplighter_DataModel.xcdatamodel */; };
		8D11072B0486CEB800E47090 /* Localizable.strings in Resources */ = {isa = PBXBuildFile; fileRef = 089C165CFE840E0CC02AAC07 /* Localizable.strings */; };
		8D11072D0486CEB800E47090 /* main.m in Sources */ = {isa = PBXBuildFile; fileRef = 29B97316FDCFA39411CA2CEA /* main.m */; settings = {ATTRIBUTES = (); }; };
		8D11072F0486CEB800E47090 /* Cocoa.framework in Frameworks */ = {isa = PBXBuildFile; fileRef = 1058C7A1FEA54F0111CA2CBB /* Cocoa.framework */; };
		D84C039B144DDE580070724D /* ProgressWindow.xib in Resources */ = {isa = PBXBuildFile; fileRef = D84C039A144DDE580070724D /* ProgressWindow.xib */; };
		D84C03A2144DDF0F0070724D /* ProgressWindowController.m in Sources */ = {isa = PBXBuildFile; fileRef = D84C03A1144DDF0F0070724D /* ProgressWindowController.m */; };
		D84CF4A11440881D0070724D /* SlideCollectionViewItem.m in Sources */ = {isa = PBXBuildFile; fileRef = D84CF4A01440881D0070724D /* SlideCollectionViewItem.m */; };
		D84CF9B31448CF7F0070724D /* Constants.m in Sources */ = {isa = PBXBuildFile; fileRef = D84CF9B21448CF7F0070724D /* Constants.m */; };
		D84CF9B61448CF870070724D /* ProjectorWindow.m in Sources */ = {isa = PBXBuildFile; fileRef = D84CF9B51448CF870070724D /* ProjectorWindow.m */; };
		D84CFCE11449A7F30070724D /* BaseView.m in Sources */ = {isa = PBXBuildFile; fileRef = D84CFCDE1449A7F30070724D /* BaseView.m */; };
		D84CFCE21449A7F30070724D /* BaseWindow.m in Sources */ = {isa = PBXBuildFile; fileRef = D84CFCE01449A7F30070724D /* BaseWindow.m */; };
		D84CFD5A1449CA5D0070724D /* songs.icns in Resources */ = {isa = PBXBuildFile; fileRef = D84CFD591449CA5D0070724D /* songs.icns */; };
		D879804914386805001D9CB7 /* SlideRootLayer.m in Sources */ = {isa = PBXBuildFile; fileRef = D879804614386805001D9CB7 /* SlideRootLayer.m */; };
		D879804A14386805001D9CB7 /* SlideTextLayer.m in Sources */ = {isa = PBXBuildFile; fileRef = D879804814386805001D9CB7 /* SlideTextLayer.m */; };
		D879805F14398628001D9CB7 /* SlideBackgroundLayer.m in Sources */ = {isa = PBXBuildFile; fileRef = D879805E14398628001D9CB7 /* SlideBackgroundLayer.m */; };
		D87981AB143AD9AB001D9CB7 /* LiveviewController.m in Sources */ = {isa = PBXBuildFile; fileRef = D87981A9143AD9AB001D9CB7 /* LiveviewController.m */; };
		D87981AE143ADA1E001D9CB7 /* BaseCollectionView.m in Sources */ = {isa = PBXBuildFile; fileRef = D87981AD143ADA1E001D9CB7 /* BaseCollectionView.m */; };
		D8825B72141CADC9005E96B7 /* ApplicationDelegate.m in Sources */ = {isa = PBXBuildFile; fileRef = D8825B6D141CADC9005E96B7 /* ApplicationDelegate.m */; };
		D8825B74141CADC9005E96B7 /* SongsDrawerViewController.m in Sources */ = {isa = PBXBuildFile; fileRef = D8825B71141CADC9005E96B7 /* SongsDrawerViewController.m */; };
		D8825B79141CADD3005E96B7 /* DraggableTableDataSource.m in Sources */ = {isa = PBXBuildFile; fileRef = D8825B76141CADD3005E96B7 /* DraggableTableDataSource.m */; };
		D8825B7A141CADD3005E96B7 /* SongsTableDataSource.m in Sources */ = {isa = PBXBuildFile; fileRef = D8825B78141CADD3005E96B7 /* SongsTableDataSource.m */; };
		D8825B86141CAE5D005E96B7 /* Application.xib in Resources */ = {isa = PBXBuildFile; fileRef = 2F7446980DB6B7EA00F9684A /* Application.xib */; };
		D8825B89141CAE84005E96B7 /* MainWindow.xib in Resources */ = {isa = PBXBuildFile; fileRef = D8A00D841416A4310034792D /* MainWindow.xib */; };
		D8825B9E141CAF2A005E96B7 /* MainWindowController.m in Sources */ = {isa = PBXBuildFile; fileRef = D8825B9D141CAF2A005E96B7 /* MainWindowController.m */; };
		D8825BC6141CB2E1005E96B7 /* SongsArrayController.m in Sources */ = {isa = PBXBuildFile; fileRef = D8825BC5141CB2E1005E96B7 /* SongsArrayController.m */; };
		D8825CA7141DDE8B005E96B7 /* NewSongWindow.xib in Resources */ = {isa = PBXBuildFile; fileRef = D8825CA6141DDE8B005E96B7 /* NewSongWindow.xib */; };
		D8825CBB141E607D005E96B7 /* NewSongWindowController.m in Sources */ = {isa = PBXBuildFile; fileRef = D8825CBA141E607D005E96B7 /* NewSongWindowController.m */; };
		D8825CFF141E6CD2005E96B7 /* SongWindowController.m in Sources */ = {isa = PBXBuildFile; fileRef = D8825CFE141E6CD2005E96B7 /* SongWindowController.m */; };
		D8825E05141E8990005E96B7 /* Presentation.m in Sources */ = {isa = PBXBuildFile; fileRef = D8825E00141E8990005E96B7 /* Presentation.m */; };
		D8825E06141E8990005E96B7 /* Slide.m in Sources */ = {isa = PBXBuildFile; fileRef = D8825E02141E8990005E96B7 /* Slide.m */; };
		D8825E07141E8990005E96B7 /* Song.m in Sources */ = {isa = PBXBuildFile; fileRef = D8825E04141E8990005E96B7 /* Song.m */; };
		D8825F45142108B1005E96B7 /* BaseArrayController.m in Sources */ = {isa = PBXBuildFile; fileRef = D8825F44142108B1005E96B7 /* BaseArrayController.m */; };
		D8825FB514252C81005E96B7 /* PlaylistTableDataSource.m in Sources */ = {isa = PBXBuildFile; fileRef = D8825FB414252C81005E96B7 /* PlaylistTableDataSource.m */; };
		D8825FF5142B122F005E96B7 /* PlaylistArrayController.m in Sources */ = {isa = PBXBuildFile; fileRef = D8825FF4142B122F005E96B7 /* PlaylistArrayController.m */; };
		D88260EE142BA370005E96B7 /* ProjectorController.m in Sources */ = {isa = PBXBuildFile; fileRef = D88260ED142BA370005E96B7 /* ProjectorController.m */; };
		D882612A142C680C005E96B7 /* ProjectorWindow.xib in Resources */ = {isa = PBXBuildFile; fileRef = D8826129142C680C005E96B7 /* ProjectorWindow.xib */; };
		D8826132142C686F005E96B7 /* ProjectorWindowController.m in Sources */ = {isa = PBXBuildFile; fileRef = D8826131142C686F005E96B7 /* ProjectorWindowController.m */; };
		D88261C0142DDAE2005E96B7 /* app_logo_on.icns in Resources */ = {isa = PBXBuildFile; fileRef = D88261BA142DDAE2005E96B7 /* app_logo_on.icns */; };
		D88261C1142DDAE2005E96B7 /* app_logo.icns in Resources */ = {isa = PBXBuildFile; fileRef = D88261BB142DDAE2005E96B7 /* app_logo.icns */; };
		D8826295142DEABE005E96B7 /* PreviewController.m in Sources */ = {isa = PBXBuildFile; fileRef = D8826294142DEABE005E96B7 /* PreviewController.m */; };
		D882629E142DEB23005E96B7 /* ContentTextField.m in Sources */ = {isa = PBXBuildFile; fileRef = D882629B142DEB23005E96B7 /* ContentTextField.m */; };
		D882629F142DEB23005E96B7 /* TitleTextField.m in Sources */ = {isa = PBXBuildFile; fileRef = D882629D142DEB23005E96B7 /* TitleTextField.m */; };
		D88262DB14304EB4005E96B7 /* QTKit.framework in Frameworks */ = {isa = PBXBuildFile; fileRef = D88262DA14304EB4005E96B7 /* QTKit.framework */; };
		D88262FD14304ED2005E96B7 /* QuartzCore.framework in Frameworks */ = {isa = PBXBuildFile; fileRef = D88262FC14304ED2005E96B7 /* QuartzCore.framework */; };
		D88263DE143222A3005E96B7 /* SlideView.m in Sources */ = {isa = PBXBuildFile; fileRef = D88263DD143222A3005E96B7 /* SlideView.m */; };
		D88264BB14343E54005E96B7 /* EditSongWindow.xib in Resources */ = {isa = PBXBuildFile; fileRef = D88264BA14343E54005E96B7 /* EditSongWindow.xib */; };
		D88264FE1434429B005E96B7 /* EditSongWindowController.m in Sources */ = {isa = PBXBuildFile; fileRef = D88264FD1434429B005E96B7 /* EditSongWindowController.m */; };
		D8A00D9B141743870034792D /* SongsDrawer.xib in Resources */ = {isa = PBXBuildFile; fileRef = D8A00D9A141743870034792D /* SongsDrawer.xib */; };
		D8E6DDE21475746F000F7B23 /* Quartz.framework in Frameworks */ = {isa = PBXBuildFile; fileRef = D8E6DDE11475746F000F7B23 /* Quartz.framework */; };
		D8E6DE8F1476BF98000F7B23 /* PDFsDrawer.xib in Resources */ = {isa = PBXBuildFile; fileRef = D8E6DE8E1476BF98000F7B23 /* PDFsDrawer.xib */; };
		D8E6DE921476BFBF000F7B23 /* SongImporter.m in Sources */ = {isa = PBXBuildFile; fileRef = D8E6DE911476BFBF000F7B23 /* SongImporter.m */; };
		D8E6DE951476BFEA000F7B23 /* BasePDFThumbnailView.m in Sources */ = {isa = PBXBuildFile; fileRef = D8E6DE941476BFEA000F7B23 /* BasePDFThumbnailView.m */; };
		D8E6DE981476C012000F7B23 /* SongsTableView.m in Sources */ = {isa = PBXBuildFile; fileRef = D8E6DE971476C012000F7B23 /* SongsTableView.m */; };
		D8E6DE9C1476C07C000F7B23 /* PDFsDrawerViewController.m in Sources */ = {isa = PBXBuildFile; fileRef = D8E6DE9B1476C07C000F7B23 /* PDFsDrawerViewController.m */; };
		D8E6DEA11476C246000F7B23 /* PDFsTableDataSource.m in Sources */ = {isa = PBXBuildFile; fileRef = D8E6DEA01476C246000F7B23 /* PDFsTableDataSource.m */; };
		D8E6DF111477FFAF000F7B23 /* PDFsArrayController.m in Sources */ = {isa = PBXBuildFile; fileRef = D8E6DF101477FFAF000F7B23 /* PDFsArrayController.m */; };
		D8E6E1FF14815108000F7B23 /* PDF.m in Sources */ = {isa = PBXBuildFile; fileRef = D8E6E1FE14815108000F7B23 /* PDF.m */; };
		E0707C7F14B60D91009EAC70 /* ProjectorPDFView.m in Sources */ = {isa = PBXBuildFile; fileRef = E0707C7E14B60D91009EAC70 /* ProjectorPDFView.m */; };
		E0707C9714B75759009EAC70 /* pdfs.icns in Resources */ = {isa = PBXBuildFile; fileRef = E0707C9614B75759009EAC70 /* pdfs.icns */; };
		E071C59514E042B200C5277A /* SlideFootnotesLayer.m in Sources */ = {isa = PBXBuildFile; fileRef = E071C59414E042B200C5277A /* SlideFootnotesLayer.m */; };
		E09A673F149BA2EE00E9BF32 /* DeletableTableView.m in Sources */ = {isa = PBXBuildFile; fileRef = E09A673E149BA2EE00E9BF32 /* DeletableTableView.m */; };
		E09A6744149BA40C00E9BF32 /* PDFsTableView.m in Sources */ = {isa = PBXBuildFile; fileRef = E09A6743149BA40C00E9BF32 /* PDFsTableView.m */; };
		E0CDED52148E98EE0044B115 /* PDFImporter.m in Sources */ = {isa = PBXBuildFile; fileRef = E0CDED51148E98EE0044B115 /* PDFImporter.m */; };
		E0CDED56148E9AE00044B115 /* Importer.m in Sources */ = {isa = PBXBuildFile; fileRef = E0CDED55148E9AE00044B115 /* Importer.m */; };
		E0F08D4314DC50F200CF59D6 /* ProjectorView.m in Sources */ = {isa = PBXBuildFile; fileRef = E0F08D4214DC50F200CF59D6 /* ProjectorView.m */; };
/* End PBXBuildFile section */

/* Begin PBXFileReference section */
		089C165DFE840E0CC02AAC07 /* English */ = {isa = PBXFileReference; fileEncoding = 10; lastKnownFileType = text.plist.strings; name = English; path = English.lproj/Localizable.strings; sourceTree = "<group>"; };
		1058C7A1FEA54F0111CA2CBB /* Cocoa.framework */ = {isa = PBXFileReference; lastKnownFileType = wrapper.framework; name = Cocoa.framework; path = /System/Library/Frameworks/Cocoa.framework; sourceTree = "<absolute>"; };
		29B97316FDCFA39411CA2CEA /* main.m */ = {isa = PBXFileReference; fileEncoding = 4; lastKnownFileType = sourcecode.c.objc; path = main.m; sourceTree = "<group>"; };
		29B97324FDCFA39411CA2CEA /* AppKit.framework */ = {isa = PBXFileReference; lastKnownFileType = wrapper.framework; name = AppKit.framework; path = /System/Library/Frameworks/AppKit.framework; sourceTree = "<absolute>"; };
		29B97325FDCFA39411CA2CEA /* Foundation.framework */ = {isa = PBXFileReference; lastKnownFileType = wrapper.framework; name = Foundation.framework; path = /System/Library/Frameworks/Foundation.framework; sourceTree = "<absolute>"; };
		2F7446980DB6B7EA00F9684A /* Application.xib */ = {isa = PBXFileReference; lastKnownFileType = file.xib; path = Application.xib; sourceTree = "<group>"; };
		32CA4F630368D1EE00C91783 /* Lamplighter_Prefix.pch */ = {isa = PBXFileReference; fileEncoding = 4; lastKnownFileType = sourcecode.c.h; path = Lamplighter_Prefix.pch; sourceTree = "<group>"; };
		770B37EC0679A11B001EADE2 /* Lamplighter_DataModel.xcdatamodel */ = {isa = PBXFileReference; fileEncoding = 4; lastKnownFileType = wrapper.xcdatamodel; path = Lamplighter_DataModel.xcdatamodel; sourceTree = "<group>"; };
		77C82804067257F0000B614F /* CoreData.framework */ = {isa = PBXFileReference; lastKnownFileType = wrapper.framework; name = CoreData.framework; path = /System/Library/Frameworks/CoreData.framework; sourceTree = "<absolute>"; };
		8D1107310486CEB800E47090 /* Lamplighter-Info.plist */ = {isa = PBXFileReference; explicitFileType = text.plist.xml; fileEncoding = 4; path = "Lamplighter-Info.plist"; sourceTree = "<group>"; };
		8D1107320486CEB800E47090 /* Lamplighter.app */ = {isa = PBXFileReference; explicitFileType = wrapper.application; includeInIndex = 0; path = Lamplighter.app; sourceTree = BUILT_PRODUCTS_DIR; };
		D84C039A144DDE580070724D /* ProgressWindow.xib */ = {isa = PBXFileReference; lastKnownFileType = file.xib; path = ProgressWindow.xib; sourceTree = "<group>"; };
		D84C03A0144DDF0F0070724D /* ProgressWindowController.h */ = {isa = PBXFileReference; fileEncoding = 4; lastKnownFileType = sourcecode.c.h; name = ProgressWindowController.h; path = Classes/ProgressWindowController.h; sourceTree = "<group>"; };
		D84C03A1144DDF0F0070724D /* ProgressWindowController.m */ = {isa = PBXFileReference; fileEncoding = 4; lastKnownFileType = sourcecode.c.objc; name = ProgressWindowController.m; path = Classes/ProgressWindowController.m; sourceTree = "<group>"; };
		D84CF49F1440881D0070724D /* SlideCollectionViewItem.h */ = {isa = PBXFileReference; fileEncoding = 4; lastKnownFileType = sourcecode.c.h; name = SlideCollectionViewItem.h; path = Classes/SlideCollectionViewItem.h; sourceTree = "<group>"; };
		D84CF4A01440881D0070724D /* SlideCollectionViewItem.m */ = {isa = PBXFileReference; fileEncoding = 4; lastKnownFileType = sourcecode.c.objc; name = SlideCollectionViewItem.m; path = Classes/SlideCollectionViewItem.m; sourceTree = "<group>"; };
		D84CF9B11448CF7F0070724D /* Constants.h */ = {isa = PBXFileReference; fileEncoding = 4; lastKnownFileType = sourcecode.c.h; name = Constants.h; path = Classes/Constants.h; sourceTree = "<group>"; };
		D84CF9B21448CF7F0070724D /* Constants.m */ = {isa = PBXFileReference; fileEncoding = 4; lastKnownFileType = sourcecode.c.objc; name = Constants.m; path = Classes/Constants.m; sourceTree = "<group>"; };
		D84CF9B41448CF870070724D /* ProjectorWindow.h */ = {isa = PBXFileReference; fileEncoding = 4; lastKnownFileType = sourcecode.c.h; name = ProjectorWindow.h; path = Classes/ProjectorWindow.h; sourceTree = "<group>"; };
		D84CF9B51448CF870070724D /* ProjectorWindow.m */ = {isa = PBXFileReference; fileEncoding = 4; lastKnownFileType = sourcecode.c.objc; name = ProjectorWindow.m; path = Classes/ProjectorWindow.m; sourceTree = "<group>"; };
		D84CFCDD1449A7F30070724D /* BaseView.h */ = {isa = PBXFileReference; fileEncoding = 4; lastKnownFileType = sourcecode.c.h; name = BaseView.h; path = Classes/BaseView.h; sourceTree = "<group>"; };
		D84CFCDE1449A7F30070724D /* BaseView.m */ = {isa = PBXFileReference; fileEncoding = 4; lastKnownFileType = sourcecode.c.objc; name = BaseView.m; path = Classes/BaseView.m; sourceTree = "<group>"; };
		D84CFCDF1449A7F30070724D /* BaseWindow.h */ = {isa = PBXFileReference; fileEncoding = 4; lastKnownFileType = sourcecode.c.h; name = BaseWindow.h; path = Classes/BaseWindow.h; sourceTree = "<group>"; };
		D84CFCE01449A7F30070724D /* BaseWindow.m */ = {isa = PBXFileReference; fileEncoding = 4; lastKnownFileType = sourcecode.c.objc; name = BaseWindow.m; path = Classes/BaseWindow.m; sourceTree = "<group>"; };
		D84CFD591449CA5D0070724D /* songs.icns */ = {isa = PBXFileReference; lastKnownFileType = image.icns; name = songs.icns; path = Images/songs.icns; sourceTree = "<group>"; };
		D879804514386805001D9CB7 /* SlideRootLayer.h */ = {isa = PBXFileReference; fileEncoding = 4; lastKnownFileType = sourcecode.c.h; name = SlideRootLayer.h; path = Classes/SlideRootLayer.h; sourceTree = "<group>"; };
		D879804614386805001D9CB7 /* SlideRootLayer.m */ = {isa = PBXFileReference; fileEncoding = 4; lastKnownFileType = sourcecode.c.objc; name = SlideRootLayer.m; path = Classes/SlideRootLayer.m; sourceTree = "<group>"; };
		D879804714386805001D9CB7 /* SlideTextLayer.h */ = {isa = PBXFileReference; fileEncoding = 4; lastKnownFileType = sourcecode.c.h; name = SlideTextLayer.h; path = Classes/SlideTextLayer.h; sourceTree = "<group>"; };
		D879804814386805001D9CB7 /* SlideTextLayer.m */ = {isa = PBXFileReference; fileEncoding = 4; lastKnownFileType = sourcecode.c.objc; name = SlideTextLayer.m; path = Classes/SlideTextLayer.m; sourceTree = "<group>"; };
		D879805D14398628001D9CB7 /* SlideBackgroundLayer.h */ = {isa = PBXFileReference; fileEncoding = 4; lastKnownFileType = sourcecode.c.h; name = SlideBackgroundLayer.h; path = Classes/SlideBackgroundLayer.h; sourceTree = "<group>"; };
		D879805E14398628001D9CB7 /* SlideBackgroundLayer.m */ = {isa = PBXFileReference; fileEncoding = 4; lastKnownFileType = sourcecode.c.objc; name = SlideBackgroundLayer.m; path = Classes/SlideBackgroundLayer.m; sourceTree = "<group>"; };
		D87981A8143AD9AB001D9CB7 /* LiveviewController.h */ = {isa = PBXFileReference; fileEncoding = 4; lastKnownFileType = sourcecode.c.h; name = LiveviewController.h; path = Classes/LiveviewController.h; sourceTree = "<group>"; };
		D87981A9143AD9AB001D9CB7 /* LiveviewController.m */ = {isa = PBXFileReference; fileEncoding = 4; lastKnownFileType = sourcecode.c.objc; name = LiveviewController.m; path = Classes/LiveviewController.m; sourceTree = "<group>"; };
		D87981AC143ADA1E001D9CB7 /* BaseCollectionView.h */ = {isa = PBXFileReference; fileEncoding = 4; lastKnownFileType = sourcecode.c.h; name = BaseCollectionView.h; path = Classes/BaseCollectionView.h; sourceTree = "<group>"; };
		D87981AD143ADA1E001D9CB7 /* BaseCollectionView.m */ = {isa = PBXFileReference; fileEncoding = 4; lastKnownFileType = sourcecode.c.objc; name = BaseCollectionView.m; path = Classes/BaseCollectionView.m; sourceTree = "<group>"; };
		D8825B6C141CADC9005E96B7 /* ApplicationDelegate.h */ = {isa = PBXFileReference; fileEncoding = 4; lastKnownFileType = sourcecode.c.h; name = ApplicationDelegate.h; path = Classes/ApplicationDelegate.h; sourceTree = "<group>"; };
		D8825B6D141CADC9005E96B7 /* ApplicationDelegate.m */ = {isa = PBXFileReference; fileEncoding = 4; indentWidth = 2; lastKnownFileType = sourcecode.c.objc; name = ApplicationDelegate.m; path = Classes/ApplicationDelegate.m; sourceTree = "<group>"; tabWidth = 2; wrapsLines = 0; };
		D8825B6E141CADC9005E96B7 /* MainWindowController.h */ = {isa = PBXFileReference; fileEncoding = 4; lastKnownFileType = sourcecode.c.h; name = MainWindowController.h; path = Classes/MainWindowController.h; sourceTree = "<group>"; };
		D8825B70141CADC9005E96B7 /* SongsDrawerViewController.h */ = {isa = PBXFileReference; fileEncoding = 4; lastKnownFileType = sourcecode.c.h; name = SongsDrawerViewController.h; path = Classes/SongsDrawerViewController.h; sourceTree = "<group>"; };
		D8825B71141CADC9005E96B7 /* SongsDrawerViewController.m */ = {isa = PBXFileReference; fileEncoding = 4; lastKnownFileType = sourcecode.c.objc; name = SongsDrawerViewController.m; path = Classes/SongsDrawerViewController.m; sourceTree = "<group>"; };
		D8825B75141CADD3005E96B7 /* DraggableTableDataSource.h */ = {isa = PBXFileReference; fileEncoding = 4; lastKnownFileType = sourcecode.c.h; name = DraggableTableDataSource.h; path = Classes/DraggableTableDataSource.h; sourceTree = "<group>"; };
		D8825B76141CADD3005E96B7 /* DraggableTableDataSource.m */ = {isa = PBXFileReference; fileEncoding = 4; lastKnownFileType = sourcecode.c.objc; name = DraggableTableDataSource.m; path = Classes/DraggableTableDataSource.m; sourceTree = "<group>"; };
		D8825B77141CADD3005E96B7 /* SongsTableDataSource.h */ = {isa = PBXFileReference; fileEncoding = 4; lastKnownFileType = sourcecode.c.h; name = SongsTableDataSource.h; path = Classes/SongsTableDataSource.h; sourceTree = "<group>"; };
		D8825B78141CADD3005E96B7 /* SongsTableDataSource.m */ = {isa = PBXFileReference; fileEncoding = 4; lastKnownFileType = sourcecode.c.objc; name = SongsTableDataSource.m; path = Classes/SongsTableDataSource.m; sourceTree = "<group>"; };
		D8825B9D141CAF2A005E96B7 /* MainWindowController.m */ = {isa = PBXFileReference; fileEncoding = 4; lastKnownFileType = sourcecode.c.objc; name = MainWindowController.m; path = Classes/MainWindowController.m; sourceTree = "<group>"; };
		D8825BC4141CB2E1005E96B7 /* SongsArrayController.h */ = {isa = PBXFileReference; fileEncoding = 4; lastKnownFileType = sourcecode.c.h; name = SongsArrayController.h; path = Classes/SongsArrayController.h; sourceTree = "<group>"; };
		D8825BC5141CB2E1005E96B7 /* SongsArrayController.m */ = {isa = PBXFileReference; fileEncoding = 4; lastKnownFileType = sourcecode.c.objc; name = SongsArrayController.m; path = Classes/SongsArrayController.m; sourceTree = "<group>"; };
		D8825CA6141DDE8B005E96B7 /* NewSongWindow.xib */ = {isa = PBXFileReference; lastKnownFileType = file.xib; path = NewSongWindow.xib; sourceTree = "<group>"; };
		D8825CB9141E607D005E96B7 /* NewSongWindowController.h */ = {isa = PBXFileReference; fileEncoding = 4; lastKnownFileType = sourcecode.c.h; name = NewSongWindowController.h; path = Classes/NewSongWindowController.h; sourceTree = "<group>"; };
		D8825CBA141E607D005E96B7 /* NewSongWindowController.m */ = {isa = PBXFileReference; fileEncoding = 4; lastKnownFileType = sourcecode.c.objc; name = NewSongWindowController.m; path = Classes/NewSongWindowController.m; sourceTree = "<group>"; };
		D8825CFD141E6CD2005E96B7 /* SongWindowController.h */ = {isa = PBXFileReference; fileEncoding = 4; lastKnownFileType = sourcecode.c.h; name = SongWindowController.h; path = Classes/SongWindowController.h; sourceTree = "<group>"; };
		D8825CFE141E6CD2005E96B7 /* SongWindowController.m */ = {isa = PBXFileReference; fileEncoding = 4; lastKnownFileType = sourcecode.c.objc; name = SongWindowController.m; path = Classes/SongWindowController.m; sourceTree = "<group>"; };
		D8825DFF141E8990005E96B7 /* Presentation.h */ = {isa = PBXFileReference; fileEncoding = 4; lastKnownFileType = sourcecode.c.h; name = Presentation.h; path = Classes/Presentation.h; sourceTree = "<group>"; };
		D8825E00141E8990005E96B7 /* Presentation.m */ = {isa = PBXFileReference; fileEncoding = 4; lastKnownFileType = sourcecode.c.objc; name = Presentation.m; path = Classes/Presentation.m; sourceTree = "<group>"; };
		D8825E01141E8990005E96B7 /* Slide.h */ = {isa = PBXFileReference; fileEncoding = 4; lastKnownFileType = sourcecode.c.h; name = Slide.h; path = Classes/Slide.h; sourceTree = "<group>"; };
		D8825E02141E8990005E96B7 /* Slide.m */ = {isa = PBXFileReference; fileEncoding = 4; lastKnownFileType = sourcecode.c.objc; name = Slide.m; path = Classes/Slide.m; sourceTree = "<group>"; };
		D8825E03141E8990005E96B7 /* Song.h */ = {isa = PBXFileReference; fileEncoding = 4; lastKnownFileType = sourcecode.c.h; name = Song.h; path = Classes/Song.h; sourceTree = "<group>"; };
		D8825E04141E8990005E96B7 /* Song.m */ = {isa = PBXFileReference; fileEncoding = 4; lastKnownFileType = sourcecode.c.objc; name = Song.m; path = Classes/Song.m; sourceTree = "<group>"; };
		D8825F43142108B1005E96B7 /* BaseArrayController.h */ = {isa = PBXFileReference; fileEncoding = 4; lastKnownFileType = sourcecode.c.h; name = BaseArrayController.h; path = Classes/BaseArrayController.h; sourceTree = "<group>"; };
		D8825F44142108B1005E96B7 /* BaseArrayController.m */ = {isa = PBXFileReference; fileEncoding = 4; lastKnownFileType = sourcecode.c.objc; name = BaseArrayController.m; path = Classes/BaseArrayController.m; sourceTree = "<group>"; };
		D8825FB314252C81005E96B7 /* PlaylistTableDataSource.h */ = {isa = PBXFileReference; fileEncoding = 4; lastKnownFileType = sourcecode.c.h; name = PlaylistTableDataSource.h; path = Classes/PlaylistTableDataSource.h; sourceTree = "<group>"; };
		D8825FB414252C81005E96B7 /* PlaylistTableDataSource.m */ = {isa = PBXFileReference; fileEncoding = 4; lastKnownFileType = sourcecode.c.objc; name = PlaylistTableDataSource.m; path = Classes/PlaylistTableDataSource.m; sourceTree = "<group>"; };
		D8825FF3142B122F005E96B7 /* PlaylistArrayController.h */ = {isa = PBXFileReference; fileEncoding = 4; lastKnownFileType = sourcecode.c.h; name = PlaylistArrayController.h; path = Classes/PlaylistArrayController.h; sourceTree = "<group>"; };
		D8825FF4142B122F005E96B7 /* PlaylistArrayController.m */ = {isa = PBXFileReference; fileEncoding = 4; lastKnownFileType = sourcecode.c.objc; name = PlaylistArrayController.m; path = Classes/PlaylistArrayController.m; sourceTree = "<group>"; };
		D88260EC142BA370005E96B7 /* ProjectorController.h */ = {isa = PBXFileReference; fileEncoding = 4; lastKnownFileType = sourcecode.c.h; name = ProjectorController.h; path = Classes/ProjectorController.h; sourceTree = "<group>"; };
		D88260ED142BA370005E96B7 /* ProjectorController.m */ = {isa = PBXFileReference; fileEncoding = 4; lastKnownFileType = sourcecode.c.objc; name = ProjectorController.m; path = Classes/ProjectorController.m; sourceTree = "<group>"; };
		D8826129142C680C005E96B7 /* ProjectorWindow.xib */ = {isa = PBXFileReference; lastKnownFileType = file.xib; path = ProjectorWindow.xib; sourceTree = "<group>"; };
		D8826130142C686F005E96B7 /* ProjectorWindowController.h */ = {isa = PBXFileReference; fileEncoding = 4; lastKnownFileType = sourcecode.c.h; name = ProjectorWindowController.h; path = Classes/ProjectorWindowController.h; sourceTree = "<group>"; };
		D8826131142C686F005E96B7 /* ProjectorWindowController.m */ = {isa = PBXFileReference; fileEncoding = 4; lastKnownFileType = sourcecode.c.objc; name = ProjectorWindowController.m; path = Classes/ProjectorWindowController.m; sourceTree = "<group>"; };
		D88261BA142DDAE2005E96B7 /* app_logo_on.icns */ = {isa = PBXFileReference; lastKnownFileType = image.icns; name = app_logo_on.icns; path = Images/app_logo_on.icns; sourceTree = "<group>"; };
		D88261BB142DDAE2005E96B7 /* app_logo.icns */ = {isa = PBXFileReference; lastKnownFileType = image.icns; name = app_logo.icns; path = Images/app_logo.icns; sourceTree = "<group>"; };
		D8826293142DEABE005E96B7 /* PreviewController.h */ = {isa = PBXFileReference; fileEncoding = 4; lastKnownFileType = sourcecode.c.h; name = PreviewController.h; path = Classes/PreviewController.h; sourceTree = "<group>"; };
		D8826294142DEABE005E96B7 /* PreviewController.m */ = {isa = PBXFileReference; fileEncoding = 4; lastKnownFileType = sourcecode.c.objc; name = PreviewController.m; path = Classes/PreviewController.m; sourceTree = "<group>"; };
		D882629A142DEB23005E96B7 /* ContentTextField.h */ = {isa = PBXFileReference; fileEncoding = 4; lastKnownFileType = sourcecode.c.h; name = ContentTextField.h; path = Classes/ContentTextField.h; sourceTree = "<group>"; };
		D882629B142DEB23005E96B7 /* ContentTextField.m */ = {isa = PBXFileReference; fileEncoding = 4; lastKnownFileType = sourcecode.c.objc; name = ContentTextField.m; path = Classes/ContentTextField.m; sourceTree = "<group>"; };
		D882629C142DEB23005E96B7 /* TitleTextField.h */ = {isa = PBXFileReference; fileEncoding = 4; lastKnownFileType = sourcecode.c.h; name = TitleTextField.h; path = Classes/TitleTextField.h; sourceTree = "<group>"; };
		D882629D142DEB23005E96B7 /* TitleTextField.m */ = {isa = PBXFileReference; fileEncoding = 4; lastKnownFileType = sourcecode.c.objc; name = TitleTextField.m; path = Classes/TitleTextField.m; sourceTree = "<group>"; };
		D88262DA14304EB4005E96B7 /* QTKit.framework */ = {isa = PBXFileReference; lastKnownFileType = wrapper.framework; name = QTKit.framework; path = System/Library/Frameworks/QTKit.framework; sourceTree = SDKROOT; };
		D88262FC14304ED2005E96B7 /* QuartzCore.framework */ = {isa = PBXFileReference; lastKnownFileType = wrapper.framework; name = QuartzCore.framework; path = System/Library/Frameworks/QuartzCore.framework; sourceTree = SDKROOT; };
		D88263DC143222A3005E96B7 /* SlideView.h */ = {isa = PBXFileReference; fileEncoding = 4; lastKnownFileType = sourcecode.c.h; name = SlideView.h; path = Classes/SlideView.h; sourceTree = "<group>"; };
		D88263DD143222A3005E96B7 /* SlideView.m */ = {isa = PBXFileReference; fileEncoding = 4; lastKnownFileType = sourcecode.c.objc; name = SlideView.m; path = Classes/SlideView.m; sourceTree = "<group>"; };
		D88264BA14343E54005E96B7 /* EditSongWindow.xib */ = {isa = PBXFileReference; lastKnownFileType = file.xib; path = EditSongWindow.xib; sourceTree = "<group>"; };
		D88264FC1434429B005E96B7 /* EditSongWindowController.h */ = {isa = PBXFileReference; fileEncoding = 4; lastKnownFileType = sourcecode.c.h; name = EditSongWindowController.h; path = Classes/EditSongWindowController.h; sourceTree = "<group>"; };
		D88264FD1434429B005E96B7 /* EditSongWindowController.m */ = {isa = PBXFileReference; fileEncoding = 4; lastKnownFileType = sourcecode.c.objc; name = EditSongWindowController.m; path = Classes/EditSongWindowController.m; sourceTree = "<group>"; };
		D8A00D841416A4310034792D /* MainWindow.xib */ = {isa = PBXFileReference; lastKnownFileType = file.xib; path = MainWindow.xib; sourceTree = "<group>"; };
		D8A00D9A141743870034792D /* SongsDrawer.xib */ = {isa = PBXFileReference; lastKnownFileType = file.xib; path = SongsDrawer.xib; sourceTree = "<group>"; };
		D8E6DDE11475746F000F7B23 /* Quartz.framework */ = {isa = PBXFileReference; lastKnownFileType = wrapper.framework; name = Quartz.framework; path = System/Library/Frameworks/Quartz.framework; sourceTree = SDKROOT; };
		D8E6DE8E1476BF98000F7B23 /* PDFsDrawer.xib */ = {isa = PBXFileReference; lastKnownFileType = file.xib; path = PDFsDrawer.xib; sourceTree = "<group>"; };
		D8E6DE901476BFBF000F7B23 /* SongImporter.h */ = {isa = PBXFileReference; fileEncoding = 4; lastKnownFileType = sourcecode.c.h; name = SongImporter.h; path = Classes/SongImporter.h; sourceTree = "<group>"; };
		D8E6DE911476BFBF000F7B23 /* SongImporter.m */ = {isa = PBXFileReference; fileEncoding = 4; lastKnownFileType = sourcecode.c.objc; name = SongImporter.m; path = Classes/SongImporter.m; sourceTree = "<group>"; };
		D8E6DE931476BFEA000F7B23 /* BasePDFThumbnailView.h */ = {isa = PBXFileReference; fileEncoding = 4; lastKnownFileType = sourcecode.c.h; name = BasePDFThumbnailView.h; path = Classes/BasePDFThumbnailView.h; sourceTree = "<group>"; };
		D8E6DE941476BFEA000F7B23 /* BasePDFThumbnailView.m */ = {isa = PBXFileReference; fileEncoding = 4; lastKnownFileType = sourcecode.c.objc; name = BasePDFThumbnailView.m; path = Classes/BasePDFThumbnailView.m; sourceTree = "<group>"; };
		D8E6DE961476C012000F7B23 /* SongsTableView.h */ = {isa = PBXFileReference; fileEncoding = 4; lastKnownFileType = sourcecode.c.h; name = SongsTableView.h; path = Classes/SongsTableView.h; sourceTree = "<group>"; };
		D8E6DE971476C012000F7B23 /* SongsTableView.m */ = {isa = PBXFileReference; fileEncoding = 4; lastKnownFileType = sourcecode.c.objc; name = SongsTableView.m; path = Classes/SongsTableView.m; sourceTree = "<group>"; };
		D8E6DE9A1476C07C000F7B23 /* PDFsDrawerViewController.h */ = {isa = PBXFileReference; fileEncoding = 4; lastKnownFileType = sourcecode.c.h; name = PDFsDrawerViewController.h; path = Classes/PDFsDrawerViewController.h; sourceTree = "<group>"; };
		D8E6DE9B1476C07C000F7B23 /* PDFsDrawerViewController.m */ = {isa = PBXFileReference; fileEncoding = 4; lastKnownFileType = sourcecode.c.objc; name = PDFsDrawerViewController.m; path = Classes/PDFsDrawerViewController.m; sourceTree = "<group>"; };
		D8E6DE9F1476C246000F7B23 /* PDFsTableDataSource.h */ = {isa = PBXFileReference; fileEncoding = 4; lastKnownFileType = sourcecode.c.h; name = PDFsTableDataSource.h; path = Classes/PDFsTableDataSource.h; sourceTree = "<group>"; };
		D8E6DEA01476C246000F7B23 /* PDFsTableDataSource.m */ = {isa = PBXFileReference; fileEncoding = 4; lastKnownFileType = sourcecode.c.objc; name = PDFsTableDataSource.m; path = Classes/PDFsTableDataSource.m; sourceTree = "<group>"; };
		D8E6DF0F1477FFAF000F7B23 /* PDFsArrayController.h */ = {isa = PBXFileReference; fileEncoding = 4; lastKnownFileType = sourcecode.c.h; name = PDFsArrayController.h; path = Classes/PDFsArrayController.h; sourceTree = "<group>"; };
		D8E6DF101477FFAF000F7B23 /* PDFsArrayController.m */ = {isa = PBXFileReference; fileEncoding = 4; lastKnownFileType = sourcecode.c.objc; name = PDFsArrayController.m; path = Classes/PDFsArrayController.m; sourceTree = "<group>"; };
		D8E6E1FD14815108000F7B23 /* PDF.h */ = {isa = PBXFileReference; fileEncoding = 4; lastKnownFileType = sourcecode.c.h; name = PDF.h; path = Classes/PDF.h; sourceTree = "<group>"; };
		D8E6E1FE14815108000F7B23 /* PDF.m */ = {isa = PBXFileReference; fileEncoding = 4; lastKnownFileType = sourcecode.c.objc; name = PDF.m; path = Classes/PDF.m; sourceTree = "<group>"; };
		E0707C7D14B60D91009EAC70 /* ProjectorPDFView.h */ = {isa = PBXFileReference; fileEncoding = 4; lastKnownFileType = sourcecode.c.h; name = ProjectorPDFView.h; path = Classes/ProjectorPDFView.h; sourceTree = "<group>"; };
		E0707C7E14B60D91009EAC70 /* ProjectorPDFView.m */ = {isa = PBXFileReference; fileEncoding = 4; lastKnownFileType = sourcecode.c.objc; name = ProjectorPDFView.m; path = Classes/ProjectorPDFView.m; sourceTree = "<group>"; };
		E0707C9614B75759009EAC70 /* pdfs.icns */ = {isa = PBXFileReference; lastKnownFileType = image.icns; name = pdfs.icns; path = Images/pdfs.icns; sourceTree = "<group>"; };
		E071C59314E042B200C5277A /* SlideFootnotesLayer.h */ = {isa = PBXFileReference; fileEncoding = 4; lastKnownFileType = sourcecode.c.h; name = SlideFootnotesLayer.h; path = Classes/SlideFootnotesLayer.h; sourceTree = "<group>"; };
		E071C59414E042B200C5277A /* SlideFootnotesLayer.m */ = {isa = PBXFileReference; fileEncoding = 4; lastKnownFileType = sourcecode.c.objc; name = SlideFootnotesLayer.m; path = Classes/SlideFootnotesLayer.m; sourceTree = "<group>"; };
		E09A673D149BA2EE00E9BF32 /* DeletableTableView.h */ = {isa = PBXFileReference; fileEncoding = 4; lastKnownFileType = sourcecode.c.h; name = DeletableTableView.h; path = Classes/DeletableTableView.h; sourceTree = "<group>"; };
		E09A673E149BA2EE00E9BF32 /* DeletableTableView.m */ = {isa = PBXFileReference; fileEncoding = 4; lastKnownFileType = sourcecode.c.objc; name = DeletableTableView.m; path = Classes/DeletableTableView.m; sourceTree = "<group>"; };
		E09A6742149BA40C00E9BF32 /* PDFsTableView.h */ = {isa = PBXFileReference; fileEncoding = 4; lastKnownFileType = sourcecode.c.h; name = PDFsTableView.h; path = Classes/PDFsTableView.h; sourceTree = "<group>"; };
		E09A6743149BA40C00E9BF32 /* PDFsTableView.m */ = {isa = PBXFileReference; fileEncoding = 4; lastKnownFileType = sourcecode.c.objc; name = PDFsTableView.m; path = Classes/PDFsTableView.m; sourceTree = "<group>"; };
		E0CDED4B148E8A600044B115 /* Lamplighter.entitlements */ = {isa = PBXFileReference; lastKnownFileType = text.xml; path = Lamplighter.entitlements; sourceTree = "<group>"; };
		E0CDED50148E98EE0044B115 /* PDFImporter.h */ = {isa = PBXFileReference; fileEncoding = 4; lastKnownFileType = sourcecode.c.h; name = PDFImporter.h; path = Classes/PDFImporter.h; sourceTree = "<group>"; };
		E0CDED51148E98EE0044B115 /* PDFImporter.m */ = {isa = PBXFileReference; fileEncoding = 4; lastKnownFileType = sourcecode.c.objc; name = PDFImporter.m; path = Classes/PDFImporter.m; sourceTree = "<group>"; };
		E0CDED54148E9AE00044B115 /* Importer.h */ = {isa = PBXFileReference; fileEncoding = 4; lastKnownFileType = sourcecode.c.h; name = Importer.h; path = Classes/Importer.h; sourceTree = "<group>"; };
		E0CDED55148E9AE00044B115 /* Importer.m */ = {isa = PBXFileReference; fileEncoding = 4; lastKnownFileType = sourcecode.c.objc; name = Importer.m; path = Classes/Importer.m; sourceTree = "<group>"; };
		E0F08D4114DC50F200CF59D6 /* ProjectorView.h */ = {isa = PBXFileReference; fileEncoding = 4; lastKnownFileType = sourcecode.c.h; name = ProjectorView.h; path = Classes/ProjectorView.h; sourceTree = "<group>"; };
		E0F08D4214DC50F200CF59D6 /* ProjectorView.m */ = {isa = PBXFileReference; fileEncoding = 4; lastKnownFileType = sourcecode.c.objc; name = ProjectorView.m; path = Classes/ProjectorView.m; sourceTree = "<group>"; };
/* End PBXFileReference section */

/* Begin PBXFrameworksBuildPhase section */
		8D11072E0486CEB800E47090 /* Frameworks */ = {
			isa = PBXFrameworksBuildPhase;
			buildActionMask = 2147483647;
			files = (
				8D11072F0486CEB800E47090 /* Cocoa.framework in Frameworks */,
				D88262DB14304EB4005E96B7 /* QTKit.framework in Frameworks */,
				D88262FD14304ED2005E96B7 /* QuartzCore.framework in Frameworks */,
				D8E6DDE21475746F000F7B23 /* Quartz.framework in Frameworks */,
			);
			runOnlyForDeploymentPostprocessing = 0;
		};
/* End PBXFrameworksBuildPhase section */

/* Begin PBXGroup section */
		080E96DDFE201D6D7F000001 /* Controllers */ = {
			isa = PBXGroup;
			children = (
				E0707C9414B74C55009EAC70 /* Delegate */,
				E0707C8114B714C6009EAC70 /* Main Window */,
				E0707C8214B714ED009EAC70 /* Projector */,
			);
			name = Controllers;
			sourceTree = "<group>";
		};
		1058C7A0FEA54F0111CA2CBB /* Linked Frameworks */ = {
			isa = PBXGroup;
			children = (
				1058C7A1FEA54F0111CA2CBB /* Cocoa.framework */,
				D88262DA14304EB4005E96B7 /* QTKit.framework */,
				D88262FC14304ED2005E96B7 /* QuartzCore.framework */,
				D8E6DDE11475746F000F7B23 /* Quartz.framework */,
			);
			name = "Linked Frameworks";
			sourceTree = "<group>";
		};
		1058C7A2FEA54F0111CA2CBB /* Other Frameworks */ = {
			isa = PBXGroup;
			children = (
				77C82804067257F0000B614F /* CoreData.framework */,
				29B97325FDCFA39411CA2CEA /* Foundation.framework */,
				29B97324FDCFA39411CA2CEA /* AppKit.framework */,
			);
			name = "Other Frameworks";
			sourceTree = "<group>";
		};
		19C28FACFE9D520D11CA2CBB /* Products */ = {
			isa = PBXGroup;
			children = (
				8D1107320486CEB800E47090 /* Lamplighter.app */,
			);
			name = Products;
			sourceTree = "<group>";
		};
		29B97314FDCFA39411CA2CEA /* Lamplighter */ = {
			isa = PBXGroup;
			children = (
				E0CDED4B148E8A600044B115 /* Lamplighter.entitlements */,
				D8A00D231416A0E20034792D /* Application */,
				D8A00D411416A1440034792D /* Config */,
				D8A00D441416A16F0034792D /* Locales */,
				D88261B6142DDAD7005E96B7 /* Images */,
				29B97323FDCFA39411CA2CEA /* Frameworks */,
				19C28FACFE9D520D11CA2CBB /* Products */,
			);
			name = Lamplighter;
			sourceTree = "<group>";
		};
		29B97323FDCFA39411CA2CEA /* Frameworks */ = {
			isa = PBXGroup;
			children = (
				1058C7A0FEA54F0111CA2CBB /* Linked Frameworks */,
				1058C7A2FEA54F0111CA2CBB /* Other Frameworks */,
			);
			name = Frameworks;
			sourceTree = "<group>";
		};
		7756732906782D8800D1FEB8 /* Models */ = {
			isa = PBXGroup;
			children = (
				D8825BC0141CB2B6005E96B7 /* Array Controllers */,
				D8825DFB141E8960005E96B7 /* Core Data */,
				D8825B5E141CAD21005E96B7 /* Data Sources */,
				D84C04D81450C2460070724D /* Objects */,
				D8826296142DEB0C005E96B7 /* Text Fields */,
			);
			name = Models;
			sourceTree = "<group>";
		};
		D84C04D81450C2460070724D /* Objects */ = {
			isa = PBXGroup;
			children = (
				D8E6DE901476BFBF000F7B23 /* SongImporter.h */,
				D8E6DE911476BFBF000F7B23 /* SongImporter.m */,
				E0CDED50148E98EE0044B115 /* PDFImporter.h */,
				E0CDED51148E98EE0044B115 /* PDFImporter.m */,
				E0CDED54148E9AE00044B115 /* Importer.h */,
				E0CDED55148E9AE00044B115 /* Importer.m */,
			);
			name = Objects;
			sourceTree = "<group>";
		};
		D8825B5E141CAD21005E96B7 /* Data Sources */ = {
			isa = PBXGroup;
			children = (
				D8E6DE781476BE0A000F7B23 /* DraggableTableDataSource */,
				D8825B75141CADD3005E96B7 /* DraggableTableDataSource.h */,
				D8825B76141CADD3005E96B7 /* DraggableTableDataSource.m */,
			);
			name = "Data Sources";
			sourceTree = "<group>";
		};
		D8825BC0141CB2B6005E96B7 /* Array Controllers */ = {
			isa = PBXGroup;
			children = (
				D8E6DAE314717FCE000F7B23 /* BaseArrayController */,
				D8825F43142108B1005E96B7 /* BaseArrayController.h */,
				D8825F44142108B1005E96B7 /* BaseArrayController.m */,
			);
			name = "Array Controllers";
			sourceTree = "<group>";
		};
		D8825DFB141E8960005E96B7 /* Core Data */ = {
			isa = PBXGroup;
			children = (
				770B37EC0679A11B001EADE2 /* Lamplighter_DataModel.xcdatamodel */,
				D8E6DAE414717FE5000F7B23 /* Presentation */,
				D8825DFF141E8990005E96B7 /* Presentation.h */,
				D8825E00141E8990005E96B7 /* Presentation.m */,
				D8825E01141E8990005E96B7 /* Slide.h */,
				D8825E02141E8990005E96B7 /* Slide.m */,
				D8E6E1FD14815108000F7B23 /* PDF.h */,
				D8E6E1FE14815108000F7B23 /* PDF.m */,
			);
			name = "Core Data";
			sourceTree = "<group>";
		};
		D8826128142C67C2005E96B7 /* Projector */ = {
			isa = PBXGroup;
			children = (
				D8826129142C680C005E96B7 /* ProjectorWindow.xib */,
				D84CF9B41448CF870070724D /* ProjectorWindow.h */,
				D84CF9B51448CF870070724D /* ProjectorWindow.m */,
				E0707C7D14B60D91009EAC70 /* ProjectorPDFView.h */,
				E0707C7E14B60D91009EAC70 /* ProjectorPDFView.m */,
				E0F08D4114DC50F200CF59D6 /* ProjectorView.h */,
				E0F08D4214DC50F200CF59D6 /* ProjectorView.m */,
			);
			name = Projector;
			sourceTree = "<group>";
		};
		D88261B6142DDAD7005E96B7 /* Images */ = {
			isa = PBXGroup;
			children = (
				D84CFD591449CA5D0070724D /* songs.icns */,
				E0707C9614B75759009EAC70 /* pdfs.icns */,
				D88261BA142DDAE2005E96B7 /* app_logo_on.icns */,
				D88261BB142DDAE2005E96B7 /* app_logo.icns */,
			);
			name = Images;
			sourceTree = "<group>";
		};
		D8826296142DEB0C005E96B7 /* Text Fields */ = {
			isa = PBXGroup;
			children = (
				D882629A142DEB23005E96B7 /* ContentTextField.h */,
				D882629B142DEB23005E96B7 /* ContentTextField.m */,
				D882629C142DEB23005E96B7 /* TitleTextField.h */,
				D882629D142DEB23005E96B7 /* TitleTextField.m */,
			);
			name = "Text Fields";
			sourceTree = "<group>";
		};
		D8A00D231416A0E20034792D /* Application */ = {
			isa = PBXGroup;
			children = (
				080E96DDFE201D6D7F000001 /* Controllers */,
				7756732906782D8800D1FEB8 /* Models */,
				D8A00D421416A1510034792D /* Views */,
			);
			name = Application;
			sourceTree = "<group>";
		};
		D8A00D411416A1440034792D /* Config */ = {
			isa = PBXGroup;
			children = (
				29B97316FDCFA39411CA2CEA /* main.m */,
				8D1107310486CEB800E47090 /* Lamplighter-Info.plist */,
				32CA4F630368D1EE00C91783 /* Lamplighter_Prefix.pch */,
				D84CF9B11448CF7F0070724D /* Constants.h */,
				D84CF9B21448CF7F0070724D /* Constants.m */,
			);
			name = Config;
			sourceTree = "<group>";
		};
		D8A00D421416A1510034792D /* Views */ = {
			isa = PBXGroup;
			children = (
				E0707C9514B74C64009EAC70 /* Delegate */,
				E0707C8A14B72137009EAC70 /* Main Window */,
				D8826128142C67C2005E96B7 /* Projector */,
				D8E6DADD14717DA2000F7B23 /* Slide */,
			);
			name = Views;
			sourceTree = "<group>";
		};
		D8A00D441416A16F0034792D /* Locales */ = {
			isa = PBXGroup;
			children = (
				089C165CFE840E0CC02AAC07 /* Localizable.strings */,
			);
			name = Locales;
			sourceTree = "<group>";
		};
		D8E6DADD14717DA2000F7B23 /* Slide */ = {
			isa = PBXGroup;
			children = (
				D84CF49F1440881D0070724D /* SlideCollectionViewItem.h */,
				D84CF4A01440881D0070724D /* SlideCollectionViewItem.m */,
				D88263DC143222A3005E96B7 /* SlideView.h */,
				D88263DD143222A3005E96B7 /* SlideView.m */,
				D879804514386805001D9CB7 /* SlideRootLayer.h */,
				D879804614386805001D9CB7 /* SlideRootLayer.m */,
				D879805D14398628001D9CB7 /* SlideBackgroundLayer.h */,
				D879805E14398628001D9CB7 /* SlideBackgroundLayer.m */,
				D879804714386805001D9CB7 /* SlideTextLayer.h */,
				D879804814386805001D9CB7 /* SlideTextLayer.m */,
				E071C59314E042B200C5277A /* SlideFootnotesLayer.h */,
				E071C59414E042B200C5277A /* SlideFootnotesLayer.m */,
			);
			name = Slide;
			sourceTree = "<group>";
		};
		D8E6DADF14717EB6000F7B23 /* SongWindowController */ = {
			isa = PBXGroup;
			children = (
				D8825CB9141E607D005E96B7 /* NewSongWindowController.h */,
				D8825CBA141E607D005E96B7 /* NewSongWindowController.m */,
				D88264FC1434429B005E96B7 /* EditSongWindowController.h */,
				D88264FD1434429B005E96B7 /* EditSongWindowController.m */,
			);
			name = SongWindowController;
			sourceTree = "<group>";
		};
		D8E6DAE314717FCE000F7B23 /* BaseArrayController */ = {
			isa = PBXGroup;
			children = (
				D8825BC4141CB2E1005E96B7 /* SongsArrayController.h */,
				D8825BC5141CB2E1005E96B7 /* SongsArrayController.m */,
				D8E6DF0F1477FFAF000F7B23 /* PDFsArrayController.h */,
				D8E6DF101477FFAF000F7B23 /* PDFsArrayController.m */,
				D8825FF3142B122F005E96B7 /* PlaylistArrayController.h */,
				D8825FF4142B122F005E96B7 /* PlaylistArrayController.m */,
			);
			name = BaseArrayController;
			sourceTree = "<group>";
		};
		D8E6DAE414717FE5000F7B23 /* Presentation */ = {
			isa = PBXGroup;
			children = (
				D8825E03141E8990005E96B7 /* Song.h */,
				D8825E04141E8990005E96B7 /* Song.m */,
			);
			name = Presentation;
			sourceTree = "<group>";
		};
		D8E6DE781476BE0A000F7B23 /* DraggableTableDataSource */ = {
			isa = PBXGroup;
			children = (
				D8825B77141CADD3005E96B7 /* SongsTableDataSource.h */,
				D8825B78141CADD3005E96B7 /* SongsTableDataSource.m */,
				D8825FB314252C81005E96B7 /* PlaylistTableDataSource.h */,
				D8825FB414252C81005E96B7 /* PlaylistTableDataSource.m */,
				D8E6DE9F1476C246000F7B23 /* PDFsTableDataSource.h */,
				D8E6DEA01476C246000F7B23 /* PDFsTableDataSource.m */,
			);
			name = DraggableTableDataSource;
			sourceTree = "<group>";
		};
		E0707C8114B714C6009EAC70 /* Main Window */ = {
			isa = PBXGroup;
			children = (
				E0707C9314B74C43009EAC70 /* Window */,
				E0707C8514B7154F009EAC70 /* Preview */,
				E0707C8614B71557009EAC70 /* Liveview */,
				E0707C8314B7152E009EAC70 /* Drawers */,
				E0707C8714B715AE009EAC70 /* Song Editing */,
				E0707C8814B715F2009EAC70 /* Songs Import */,
			);
			name = "Main Window";
			sourceTree = "<group>";
		};
		E0707C8214B714ED009EAC70 /* Projector */ = {
			isa = PBXGroup;
			children = (
				D88260EC142BA370005E96B7 /* ProjectorController.h */,
				D88260ED142BA370005E96B7 /* ProjectorController.m */,
				D8826130142C686F005E96B7 /* ProjectorWindowController.h */,
				D8826131142C686F005E96B7 /* ProjectorWindowController.m */,
			);
			name = Projector;
			sourceTree = "<group>";
		};
		E0707C8314B7152E009EAC70 /* Drawers */ = {
			isa = PBXGroup;
			children = (
				D8E6DE9A1476C07C000F7B23 /* PDFsDrawerViewController.h */,
				D8E6DE9B1476C07C000F7B23 /* PDFsDrawerViewController.m */,
				D8825B70141CADC9005E96B7 /* SongsDrawerViewController.h */,
				D8825B71141CADC9005E96B7 /* SongsDrawerViewController.m */,
			);
			name = Drawers;
			sourceTree = "<group>";
		};
		E0707C8514B7154F009EAC70 /* Preview */ = {
			isa = PBXGroup;
			children = (
				D8826293142DEABE005E96B7 /* PreviewController.h */,
				D8826294142DEABE005E96B7 /* PreviewController.m */,
			);
			name = Preview;
			sourceTree = "<group>";
		};
		E0707C8614B71557009EAC70 /* Liveview */ = {
			isa = PBXGroup;
			children = (
				D87981A8143AD9AB001D9CB7 /* LiveviewController.h */,
				D87981A9143AD9AB001D9CB7 /* LiveviewController.m */,
			);
			name = Liveview;
			sourceTree = "<group>";
		};
		E0707C8714B715AE009EAC70 /* Song Editing */ = {
			isa = PBXGroup;
			children = (
				D8E6DADF14717EB6000F7B23 /* SongWindowController */,
				D8825CFD141E6CD2005E96B7 /* SongWindowController.h */,
				D8825CFE141E6CD2005E96B7 /* SongWindowController.m */,
			);
			name = "Song Editing";
			sourceTree = "<group>";
		};
		E0707C8814B715F2009EAC70 /* Songs Import */ = {
			isa = PBXGroup;
			children = (
				D84C03A0144DDF0F0070724D /* ProgressWindowController.h */,
				D84C03A1144DDF0F0070724D /* ProgressWindowController.m */,
			);
			name = "Songs Import";
			sourceTree = "<group>";
		};
		E0707C8A14B72137009EAC70 /* Main Window */ = {
			isa = PBXGroup;
			children = (
				E0707C9214B74C22009EAC70 /* Window */,
				E0707C9014B721E5009EAC70 /* Songs Import */,
				E0707C8F14B721DE009EAC70 /* Song Editing */,
				E0707C8E14B721CD009EAC70 /* Drawers */,
				E0707C8D14B7217F009EAC70 /* Preview/Liveview */,
			);
			name = "Main Window";
			sourceTree = "<group>";
		};
		E0707C8D14B7217F009EAC70 /* Preview/Liveview */ = {
			isa = PBXGroup;
			children = (
				D87981AC143ADA1E001D9CB7 /* BaseCollectionView.h */,
				D87981AD143ADA1E001D9CB7 /* BaseCollectionView.m */,
				D8E6DE931476BFEA000F7B23 /* BasePDFThumbnailView.h */,
				D8E6DE941476BFEA000F7B23 /* BasePDFThumbnailView.m */,
			);
			name = Preview/Liveview;
			sourceTree = "<group>";
		};
		E0707C8E14B721CD009EAC70 /* Drawers */ = {
			isa = PBXGroup;
			children = (
				D8A00D9A141743870034792D /* SongsDrawer.xib */,
				D8E6DE8E1476BF98000F7B23 /* PDFsDrawer.xib */,
				E09A6741149BA3CC00E9BF32 /* DeletableTableView */,
				E09A673D149BA2EE00E9BF32 /* DeletableTableView.h */,
				E09A673E149BA2EE00E9BF32 /* DeletableTableView.m */,
			);
			name = Drawers;
			sourceTree = "<group>";
		};
		E0707C8F14B721DE009EAC70 /* Song Editing */ = {
			isa = PBXGroup;
			children = (
				D8825CA6141DDE8B005E96B7 /* NewSongWindow.xib */,
				D88264BA14343E54005E96B7 /* EditSongWindow.xib */,
			);
			name = "Song Editing";
			sourceTree = "<group>";
		};
		E0707C9014B721E5009EAC70 /* Songs Import */ = {
			isa = PBXGroup;
			children = (
				D84C039A144DDE580070724D /* ProgressWindow.xib */,
			);
			name = "Songs Import";
			sourceTree = "<group>";
		};
		E0707C9214B74C22009EAC70 /* Window */ = {
			isa = PBXGroup;
			children = (
				D8A00D841416A4310034792D /* MainWindow.xib */,
				D84CFCDD1449A7F30070724D /* BaseView.h */,
				D84CFCDE1449A7F30070724D /* BaseView.m */,
				D84CFCDF1449A7F30070724D /* BaseWindow.h */,
				D84CFCE01449A7F30070724D /* BaseWindow.m */,
			);
			name = Window;
			sourceTree = "<group>";
		};
		E0707C9314B74C43009EAC70 /* Window */ = {
			isa = PBXGroup;
			children = (
				D8825B6E141CADC9005E96B7 /* MainWindowController.h */,
				D8825B9D141CAF2A005E96B7 /* MainWindowController.m */,
			);
			name = Window;
			sourceTree = "<group>";
		};
		E0707C9414B74C55009EAC70 /* Delegate */ = {
			isa = PBXGroup;
			children = (
				D8825B6C141CADC9005E96B7 /* ApplicationDelegate.h */,
				D8825B6D141CADC9005E96B7 /* ApplicationDelegate.m */,
			);
			name = Delegate;
			sourceTree = "<group>";
		};
		E0707C9514B74C64009EAC70 /* Delegate */ = {
			isa = PBXGroup;
			children = (
				2F7446980DB6B7EA00F9684A /* Application.xib */,
			);
			name = Delegate;
			sourceTree = "<group>";
		};
		E09A6741149BA3CC00E9BF32 /* DeletableTableView */ = {
			isa = PBXGroup;
			children = (
				D8E6DE961476C012000F7B23 /* SongsTableView.h */,
				D8E6DE971476C012000F7B23 /* SongsTableView.m */,
				E09A6742149BA40C00E9BF32 /* PDFsTableView.h */,
				E09A6743149BA40C00E9BF32 /* PDFsTableView.m */,
			);
			name = DeletableTableView;
			sourceTree = "<group>";
		};
/* End PBXGroup section */

/* Begin PBXNativeTarget section */
		8D1107260486CEB800E47090 /* Lamplighter */ = {
			isa = PBXNativeTarget;
			buildConfigurationList = 26FC0A840875C7B200E6366F /* Build configuration list for PBXNativeTarget "Lamplighter" */;
			buildPhases = (
				8D1107290486CEB800E47090 /* Resources */,
				8D11072C0486CEB800E47090 /* Sources */,
				8D11072E0486CEB800E47090 /* Frameworks */,
			);
			buildRules = (
			);
			dependencies = (
			);
			name = Lamplighter;
			productInstallPath = "$(HOME)/Applications";
			productName = Lamplighter;
			productReference = 8D1107320486CEB800E47090 /* Lamplighter.app */;
			productType = "com.apple.product-type.application";
		};
/* End PBXNativeTarget section */

/* Begin PBXProject section */
		29B97313FDCFA39411CA2CEA /* Project object */ = {
			isa = PBXProject;
			attributes = {
				LastUpgradeCheck = 0420;
				ORGANIZATIONNAME = funkensturm;
			};
			buildConfigurationList = 26FC0A880875C7B200E6366F /* Build configuration list for PBXProject "Lamplighter" */;
			compatibilityVersion = "Xcode 3.2";
			developmentRegion = English;
			hasScannedForEncodings = 1;
			knownRegions = (
				English,
				Japanese,
				French,
				German,
			);
			mainGroup = 29B97314FDCFA39411CA2CEA /* Lamplighter */;
			projectDirPath = "";
			projectRoot = "";
			targets = (
				8D1107260486CEB800E47090 /* Lamplighter */,
			);
		};
/* End PBXProject section */

/* Begin PBXResourcesBuildPhase section */
		8D1107290486CEB800E47090 /* Resources */ = {
			isa = PBXResourcesBuildPhase;
			buildActionMask = 2147483647;
			files = (
				8D11072B0486CEB800E47090 /* Localizable.strings in Resources */,
				D8825B86141CAE5D005E96B7 /* Application.xib in Resources */,
				D8825B89141CAE84005E96B7 /* MainWindow.xib in Resources */,
				D8A00D9B141743870034792D /* SongsDrawer.xib in Resources */,
				D8825CA7141DDE8B005E96B7 /* NewSongWindow.xib in Resources */,
				D882612A142C680C005E96B7 /* ProjectorWindow.xib in Resources */,
				D88261C0142DDAE2005E96B7 /* app_logo_on.icns in Resources */,
				D88261C1142DDAE2005E96B7 /* app_logo.icns in Resources */,
				D88264BB14343E54005E96B7 /* EditSongWindow.xib in Resources */,
				D84CFD5A1449CA5D0070724D /* songs.icns in Resources */,
				D84C039B144DDE580070724D /* ProgressWindow.xib in Resources */,
				D8E6DE8F1476BF98000F7B23 /* PDFsDrawer.xib in Resources */,
				E0707C9714B75759009EAC70 /* pdfs.icns in Resources */,
			);
			runOnlyForDeploymentPostprocessing = 0;
		};
/* End PBXResourcesBuildPhase section */

/* Begin PBXSourcesBuildPhase section */
		8D11072C0486CEB800E47090 /* Sources */ = {
			isa = PBXSourcesBuildPhase;
			buildActionMask = 2147483647;
			files = (
				8D11072D0486CEB800E47090 /* main.m in Sources */,
				770B37ED0679A11B001EADE2 /* Lamplighter_DataModel.xcdatamodel in Sources */,
				D8825B72141CADC9005E96B7 /* ApplicationDelegate.m in Sources */,
				D8825B74141CADC9005E96B7 /* SongsDrawerViewController.m in Sources */,
				D8825B79141CADD3005E96B7 /* DraggableTableDataSource.m in Sources */,
				D8825B7A141CADD3005E96B7 /* SongsTableDataSource.m in Sources */,
				D8825B9E141CAF2A005E96B7 /* MainWindowController.m in Sources */,
				D8825BC6141CB2E1005E96B7 /* SongsArrayController.m in Sources */,
				D8825CBB141E607D005E96B7 /* NewSongWindowController.m in Sources */,
				D8825CFF141E6CD2005E96B7 /* SongWindowController.m in Sources */,
				D8825E05141E8990005E96B7 /* Presentation.m in Sources */,
				D8825E06141E8990005E96B7 /* Slide.m in Sources */,
				D8825E07141E8990005E96B7 /* Song.m in Sources */,
				D8825F45142108B1005E96B7 /* BaseArrayController.m in Sources */,
				D8825FB514252C81005E96B7 /* PlaylistTableDataSource.m in Sources */,
				D8825FF5142B122F005E96B7 /* PlaylistArrayController.m in Sources */,
				D88260EE142BA370005E96B7 /* ProjectorController.m in Sources */,
				D8826132142C686F005E96B7 /* ProjectorWindowController.m in Sources */,
				D8826295142DEABE005E96B7 /* PreviewController.m in Sources */,
				D882629E142DEB23005E96B7 /* ContentTextField.m in Sources */,
				D882629F142DEB23005E96B7 /* TitleTextField.m in Sources */,
				D88263DE143222A3005E96B7 /* SlideView.m in Sources */,
				D88264FE1434429B005E96B7 /* EditSongWindowController.m in Sources */,
				D879804914386805001D9CB7 /* SlideRootLayer.m in Sources */,
				D879804A14386805001D9CB7 /* SlideTextLayer.m in Sources */,
				D879805F14398628001D9CB7 /* SlideBackgroundLayer.m in Sources */,
				D87981AB143AD9AB001D9CB7 /* LiveviewController.m in Sources */,
				D87981AE143ADA1E001D9CB7 /* BaseCollectionView.m in Sources */,
				D84CF4A11440881D0070724D /* SlideCollectionViewItem.m in Sources */,
				D84CF9B31448CF7F0070724D /* Constants.m in Sources */,
				D84CF9B61448CF870070724D /* ProjectorWindow.m in Sources */,
				D84CFCE11449A7F30070724D /* BaseView.m in Sources */,
				D84CFCE21449A7F30070724D /* BaseWindow.m in Sources */,
				D84C03A2144DDF0F0070724D /* ProgressWindowController.m in Sources */,
				D8E6DE921476BFBF000F7B23 /* SongImporter.m in Sources */,
				D8E6DE951476BFEA000F7B23 /* BasePDFThumbnailView.m in Sources */,
				D8E6DE981476C012000F7B23 /* SongsTableView.m in Sources */,
				D8E6DE9C1476C07C000F7B23 /* PDFsDrawerViewController.m in Sources */,
				D8E6DEA11476C246000F7B23 /* PDFsTableDataSource.m in Sources */,
				D8E6DF111477FFAF000F7B23 /* PDFsArrayController.m in Sources */,
				D8E6E1FF14815108000F7B23 /* PDF.m in Sources */,
				E0CDED52148E98EE0044B115 /* PDFImporter.m in Sources */,
				E0CDED56148E9AE00044B115 /* Importer.m in Sources */,
				E09A673F149BA2EE00E9BF32 /* DeletableTableView.m in Sources */,
				E09A6744149BA40C00E9BF32 /* PDFsTableView.m in Sources */,
				E0707C7F14B60D91009EAC70 /* ProjectorPDFView.m in Sources */,
				E0F08D4314DC50F200CF59D6 /* ProjectorView.m in Sources */,
				E071C59514E042B200C5277A /* SlideFootnotesLayer.m in Sources */,
			);
			runOnlyForDeploymentPostprocessing = 0;
		};
/* End PBXSourcesBuildPhase section */

/* Begin PBXVariantGroup section */
		089C165CFE840E0CC02AAC07 /* Localizable.strings */ = {
			isa = PBXVariantGroup;
			children = (
				089C165DFE840E0CC02AAC07 /* English */,
			);
			name = Localizable.strings;
			sourceTree = "<group>";
		};
/* End PBXVariantGroup section */

/* Begin XCBuildConfiguration section */
		26FC0A850875C7B200E6366F /* Debug */ = {
			isa = XCBuildConfiguration;
			buildSettings = {
				ARCHS = "$(ARCHS_STANDARD_64_BIT)";
				CLANG_ENABLE_OBJC_ARC = YES;
				CODE_SIGN_ENTITLEMENTS = Lamplighter.entitlements;
				COPY_PHASE_STRIP = NO;
				GCC_DYNAMIC_NO_PIC = NO;
				GCC_ENABLE_OBJC_EXCEPTIONS = YES;
				GCC_MODEL_TUNING = G5;
				GCC_OPTIMIZATION_LEVEL = 0;
				GCC_PRECOMPILE_PREFIX_HEADER = YES;
				GCC_PREFIX_HEADER = Lamplighter_Prefix.pch;
				"GCC_PREPROCESSOR_DEFINITIONS[arch=*]" = DEBUG;
				GCC_VERSION = com.apple.compilers.llvm.clang.1_0;
				INFOPLIST_FILE = "Lamplighter-Info.plist";
				INSTALL_PATH = "$(HOME)/Applications";
				PRODUCT_NAME = Lamplighter;
				WRAPPER_EXTENSION = app;
			};
			name = Debug;
		};
		26FC0A860875C7B200E6366F /* Release */ = {
			isa = XCBuildConfiguration;
			buildSettings = {
				ARCHS = "$(ARCHS_STANDARD_64_BIT)";
				CLANG_ENABLE_OBJC_ARC = YES;
				CODE_SIGN_ENTITLEMENTS = Lamplighter.entitlements;
				DEBUG_INFORMATION_FORMAT = "dwarf-with-dsym";
				GCC_ENABLE_OBJC_EXCEPTIONS = YES;
				GCC_MODEL_TUNING = G5;
				GCC_PRECOMPILE_PREFIX_HEADER = YES;
				GCC_PREFIX_HEADER = Lamplighter_Prefix.pch;
				GCC_VERSION = com.apple.compilers.llvm.clang.1_0;
				INFOPLIST_FILE = "Lamplighter-Info.plist";
				INSTALL_PATH = "$(HOME)/Applications";
				PRODUCT_NAME = Lamplighter;
				WRAPPER_EXTENSION = app;
			};
			name = Release;
		};
		26FC0A890875C7B200E6366F /* Debug */ = {
			isa = XCBuildConfiguration;
			buildSettings = {
				ARCHS = "$(ARCHS_STANDARD_32_64_BIT)";
				GCC_C_LANGUAGE_STANDARD = gnu99;
				GCC_PREPROCESSOR_DEFINITIONS = "";
				GCC_PREPROCESSOR_DEFINITIONS_NOT_USED_IN_PRECOMPS = "VERBOSE=NO";
				GCC_WARN_ABOUT_RETURN_TYPE = YES;
				GCC_WARN_UNUSED_VARIABLE = YES;
				ONLY_ACTIVE_ARCH = YES;
				SDKROOT = macosx;
			};
			name = Debug;
		};
		26FC0A8A0875C7B200E6366F /* Release */ = {
			isa = XCBuildConfiguration;
			buildSettings = {
				ARCHS = "$(ARCHS_STANDARD_32_64_BIT)";
				GCC_C_LANGUAGE_STANDARD = gnu99;
				GCC_WARN_ABOUT_RETURN_TYPE = YES;
				GCC_WARN_UNUSED_VARIABLE = YES;
				SDKROOT = macosx;
			};
			name = Release;
		};
/* End XCBuildConfiguration section */

/* Begin XCConfigurationList section */
		26FC0A840875C7B200E6366F /* Build configuration list for PBXNativeTarget "Lamplighter" */ = {
			isa = XCConfigurationList;
			buildConfigurations = (
				26FC0A850875C7B200E6366F /* Debug */,
				26FC0A860875C7B200E6366F /* Release */,
			);
			defaultConfigurationIsVisible = 0;
			defaultConfigurationName = Release;
		};
		26FC0A880875C7B200E6366F /* Build configuration list for PBXProject "Lamplighter" */ = {
			isa = XCConfigurationList;
			buildConfigurations = (
				26FC0A890875C7B200E6366F /* Debug */,
				26FC0A8A0875C7B200E6366F /* Release */,
			);
			defaultConfigurationIsVisible = 0;
			defaultConfigurationName = Release;
		};
/* End XCConfigurationList section */
	};
	rootObject = 29B97313FDCFA39411CA2CEA /* Project object */;
}
